// !$*UTF8*$!
{
	archiveVersion = 1;
	classes = {
	};
	objectVersion = 55;
	objects = {

/* Begin PBXBuildFile section */
		261265762858E74400C138DF /* Blessed in Frameworks */ = {isa = PBXBuildFile; productRef = 261265752858E74400C138DF /* Blessed */; };
		261265792858E75600C138DF /* SecureXPC in Frameworks */ = {isa = PBXBuildFile; productRef = 261265782858E75600C138DF /* SecureXPC */; };
		2612657C2858E76600C138DF /* EmbeddedPropertyList in Frameworks */ = {isa = PBXBuildFile; productRef = 2612657B2858E76600C138DF /* EmbeddedPropertyList */; };
		2612657F2858E77500C138DF /* Zip in Frameworks */ = {isa = PBXBuildFile; productRef = 2612657E2858E77500C138DF /* Zip */; };
		261713E22858B54600105916 /* MaplePreferences in Frameworks */ = {isa = PBXBuildFile; productRef = 261713E12858B54600105916 /* MaplePreferences */; };
		2617AC21282DB39B00E40CE8 /* MapleInjectionHelper.swift in Sources */ = {isa = PBXBuildFile; fileRef = 2617AC20282DB39B00E40CE8 /* MapleInjectionHelper.swift */; };
		2617AC23282F360E00E40CE8 /* TerminalResponse.swift in Sources */ = {isa = PBXBuildFile; fileRef = 2617AC22282F360E00E40CE8 /* TerminalResponse.swift */; };
		2617AC24282F360E00E40CE8 /* TerminalResponse.swift in Sources */ = {isa = PBXBuildFile; fileRef = 2617AC22282F360E00E40CE8 /* TerminalResponse.swift */; };
		2617AC26282F3C0900E40CE8 /* InjectionError.swift in Sources */ = {isa = PBXBuildFile; fileRef = 2617AC25282F3C0900E40CE8 /* InjectionError.swift */; };
		2617AC27282F3C0900E40CE8 /* InjectionError.swift in Sources */ = {isa = PBXBuildFile; fileRef = 2617AC25282F3C0900E40CE8 /* InjectionError.swift */; };
		2617AC292833239600E40CE8 /* HelperToolMonitor.swift in Sources */ = {isa = PBXBuildFile; fileRef = 2617AC282833239600E40CE8 /* HelperToolMonitor.swift */; };
		262B490E2829C3FC00DF1C03 /* dev.halz.Maple.helper in CopyFiles */ = {isa = PBXBuildFile; fileRef = 26F686EF28232CCC0010D28A /* dev.halz.Maple.helper */; settings = {ATTRIBUTES = (CodeSignOnCopy, ); }; };
		26303F8928347619000A0CEC /* InstallError.swift in Sources */ = {isa = PBXBuildFile; fileRef = 26303F8828347619000A0CEC /* InstallError.swift */; };
		26303F8C28356905000A0CEC /* LeafSettingsList.swift in Sources */ = {isa = PBXBuildFile; fileRef = 26303F8B28356905000A0CEC /* LeafSettingsList.swift */; };
		26303F8E28356B19000A0CEC /* FileError.swift in Sources */ = {isa = PBXBuildFile; fileRef = 26303F8D28356B19000A0CEC /* FileError.swift */; };
		26303F902835701A000A0CEC /* LeafSettings.swift in Sources */ = {isa = PBXBuildFile; fileRef = 26303F8F2835701A000A0CEC /* LeafSettings.swift */; };
		26303F922835703B000A0CEC /* MapleSettings.swift in Sources */ = {isa = PBXBuildFile; fileRef = 26303F912835703B000A0CEC /* MapleSettings.swift */; };
		26303F94283570B3000A0CEC /* MapleSegmentPicker.swift in Sources */ = {isa = PBXBuildFile; fileRef = 26303F93283570B3000A0CEC /* MapleSegmentPicker.swift */; };
		26303F962839D534000A0CEC /* LeafSettingsCell.swift in Sources */ = {isa = PBXBuildFile; fileRef = 26303F952839D534000A0CEC /* LeafSettingsCell.swift */; };
		26303F98283C6D57000A0CEC /* LeafSettingsSection.swift in Sources */ = {isa = PBXBuildFile; fileRef = 26303F97283C6D57000A0CEC /* LeafSettingsSection.swift */; };
		26303F9A283D0F71000A0CEC /* DevelopmentMonitor.swift in Sources */ = {isa = PBXBuildFile; fileRef = 26303F99283D0F71000A0CEC /* DevelopmentMonitor.swift */; };
		26303F9C283D3B40000A0CEC /* MapleDialogue.swift in Sources */ = {isa = PBXBuildFile; fileRef = 26303F9B283D3B40000A0CEC /* MapleDialogue.swift */; };
		264FBD7E2852D77500141978 /* UnknownPreferenceView.swift in Sources */ = {isa = PBXBuildFile; fileRef = 264FBD7D2852D77500141978 /* UnknownPreferenceView.swift */; };
		267AE1FE2847C8C00079CAC4 /* PreferencesView.swift in Sources */ = {isa = PBXBuildFile; fileRef = 267AE1FD2847C8C00079CAC4 /* PreferencesView.swift */; };
		267AE2002847E8370079CAC4 /* PreferencesGroupView.swift in Sources */ = {isa = PBXBuildFile; fileRef = 267AE1FF2847E8370079CAC4 /* PreferencesGroupView.swift */; };
		267AE2022847E83E0079CAC4 /* PreferenceView.swift in Sources */ = {isa = PBXBuildFile; fileRef = 267AE2012847E83E0079CAC4 /* PreferenceView.swift */; };
		267AE2042847E86B0079CAC4 /* StringPreferenceView.swift in Sources */ = {isa = PBXBuildFile; fileRef = 267AE2032847E86B0079CAC4 /* StringPreferenceView.swift */; };
		267AE2062847E8740079CAC4 /* BooleanPreferenceView.swift in Sources */ = {isa = PBXBuildFile; fileRef = 267AE2052847E8740079CAC4 /* BooleanPreferenceView.swift */; };
		267AE2082847E87C0079CAC4 /* ColorPreferenceView.swift in Sources */ = {isa = PBXBuildFile; fileRef = 267AE2072847E87C0079CAC4 /* ColorPreferenceView.swift */; };
		267AE20A2847E8870079CAC4 /* NumberPreferenceView.swift in Sources */ = {isa = PBXBuildFile; fileRef = 267AE2092847E8870079CAC4 /* NumberPreferenceView.swift */; };
		268047852809CE5A00FD60D2 /* MapleNotificationController.swift in Sources */ = {isa = PBXBuildFile; fileRef = 268047842809CE5A00FD60D2 /* MapleNotificationController.swift */; };
		2684223A2856478100C31DD2 /* Maple+Preferences.swift in Sources */ = {isa = PBXBuildFile; fileRef = 268422392856478100C31DD2 /* Maple+Preferences.swift */; };
		268B0D3A281F70180049F090 /* SettingsView.swift in Sources */ = {isa = PBXBuildFile; fileRef = 268B0D39281F70180049F090 /* SettingsView.swift */; };
		268B0D3C281F71B90049F090 /* HelperSettings.swift in Sources */ = {isa = PBXBuildFile; fileRef = 268B0D3B281F71B90049F090 /* HelperSettings.swift */; };
		26BC6CCA2809E5A2004617C2 /* LeafList.swift in Sources */ = {isa = PBXBuildFile; fileRef = 26BC6CC92809E5A2004617C2 /* LeafList.swift */; };
		26BC6CCC2809E663004617C2 /* LeafDetailView.swift in Sources */ = {isa = PBXBuildFile; fileRef = 26BC6CCB2809E663004617C2 /* LeafDetailView.swift */; };
		26BC6CCE2809E8A0004617C2 /* Maple+View.swift in Sources */ = {isa = PBXBuildFile; fileRef = 26BC6CCD2809E8A0004617C2 /* Maple+View.swift */; };
		26C35B7C27FA89E800BD4B2B /* AppDelegate.swift in Sources */ = {isa = PBXBuildFile; fileRef = 26C35B7B27FA89E800BD4B2B /* AppDelegate.swift */; };
		26C35B7E27FA89E800BD4B2B /* ViewController.swift in Sources */ = {isa = PBXBuildFile; fileRef = 26C35B7D27FA89E800BD4B2B /* ViewController.swift */; };
		26C35B8027FA89E900BD4B2B /* Assets.xcassets in Resources */ = {isa = PBXBuildFile; fileRef = 26C35B7F27FA89E900BD4B2B /* Assets.xcassets */; };
		26C35B8327FA89E900BD4B2B /* Main.storyboard in Resources */ = {isa = PBXBuildFile; fileRef = 26C35B8127FA89E900BD4B2B /* Main.storyboard */; };
		26C35BA727FA8A1F00BD4B2B /* InstallStartView.swift in Sources */ = {isa = PBXBuildFile; fileRef = 26C35B8E27FA8A1F00BD4B2B /* InstallStartView.swift */; };
		26C35BA827FA8A1F00BD4B2B /* InstallWelcomeView.swift in Sources */ = {isa = PBXBuildFile; fileRef = 26C35B8F27FA8A1F00BD4B2B /* InstallWelcomeView.swift */; };
		26C35BA927FA8A1F00BD4B2B /* InstallVerifyView.swift in Sources */ = {isa = PBXBuildFile; fileRef = 26C35B9027FA8A1F00BD4B2B /* InstallVerifyView.swift */; };
		26C35BAA27FA8A1F00BD4B2B /* InstallSelectView.swift in Sources */ = {isa = PBXBuildFile; fileRef = 26C35B9127FA8A1F00BD4B2B /* InstallSelectView.swift */; };
		26C35BAB27FA8A1F00BD4B2B /* InstallerView.swift in Sources */ = {isa = PBXBuildFile; fileRef = 26C35B9227FA8A1F00BD4B2B /* InstallerView.swift */; };
		26C35BB927FA8A2000BD4B2B /* LeafCell.swift in Sources */ = {isa = PBXBuildFile; fileRef = 26C35BA227FA8A1F00BD4B2B /* LeafCell.swift */; };
		26C35BBA27FA8A2000BD4B2B /* HomeScreen.swift in Sources */ = {isa = PBXBuildFile; fileRef = 26C35BA327FA8A1F00BD4B2B /* HomeScreen.swift */; };
		26C35BBB27FA8A2000BD4B2B /* StatusBarController.swift in Sources */ = {isa = PBXBuildFile; fileRef = 26C35BA527FA8A1F00BD4B2B /* StatusBarController.swift */; };
		26C35BBC27FA8A2000BD4B2B /* EventMonitor.swift in Sources */ = {isa = PBXBuildFile; fileRef = 26C35BA627FA8A1F00BD4B2B /* EventMonitor.swift */; };
		26C35BC127FA8A7700BD4B2B /* Leaf.swift in Sources */ = {isa = PBXBuildFile; fileRef = 26C35BBE27FA8A7700BD4B2B /* Leaf.swift */; };
		26C35BC227FA8A7700BD4B2B /* MapleController.swift in Sources */ = {isa = PBXBuildFile; fileRef = 26C35BC027FA8A7700BD4B2B /* MapleController.swift */; };
		26C35BC427FB734900BD4B2B /* MapleButton.swift in Sources */ = {isa = PBXBuildFile; fileRef = 26C35BC327FB734900BD4B2B /* MapleButton.swift */; };
		26C5DE12284E30C900FCF717 /* MapleColorPicker.swift in Sources */ = {isa = PBXBuildFile; fileRef = 26C5DE11284E30C900FCF717 /* MapleColorPicker.swift */; };
		26C5DE14284E30D000FCF717 /* MapleTextField.swift in Sources */ = {isa = PBXBuildFile; fileRef = 26C5DE13284E30D000FCF717 /* MapleTextField.swift */; };
		26C5DE17284E35DD00FCF717 /* DefaultColors.swift in Sources */ = {isa = PBXBuildFile; fileRef = 26C5DE16284E35DD00FCF717 /* DefaultColors.swift */; };
		26C5DE19284E366400FCF717 /* ColorCell.swift in Sources */ = {isa = PBXBuildFile; fileRef = 26C5DE18284E366400FCF717 /* ColorCell.swift */; };
		26D3421C283E8CD20073C07B /* MapleDevelopmentHelper.swift in Sources */ = {isa = PBXBuildFile; fileRef = 26D3421B283E8CD20073C07B /* MapleDevelopmentHelper.swift */; };
		26D3421F283FD5BB0073C07B /* MaplePreferencesController.swift in Sources */ = {isa = PBXBuildFile; fileRef = 26D3421E283FD5BB0073C07B /* MaplePreferencesController.swift */; };
		26EC67D5280BA87A000181B3 /* MapleFileHelper.swift in Sources */ = {isa = PBXBuildFile; fileRef = 26EC67D4280BA87A000181B3 /* MapleFileHelper.swift */; };
		26F686DC28232BFA0010D28A /* Config.xcconfig in Resources */ = {isa = PBXBuildFile; fileRef = 26F686DB28232BFA0010D28A /* Config.xcconfig */; };
		26F686F228232CCC0010D28A /* main.swift in Sources */ = {isa = PBXBuildFile; fileRef = 26F686F128232CCC0010D28A /* main.swift */; };
		26F686F828232CE70010D28A /* SharedConstants.swift in Sources */ = {isa = PBXBuildFile; fileRef = 26F686F728232CE70010D28A /* SharedConstants.swift */; };
		26F686F928232CE70010D28A /* SharedConstants.swift in Sources */ = {isa = PBXBuildFile; fileRef = 26F686F728232CE70010D28A /* SharedConstants.swift */; };
		26F686FB28232D3C0010D28A /* HelperToolInfoPropertyList.swift in Sources */ = {isa = PBXBuildFile; fileRef = 26F686FA28232D3C0010D28A /* HelperToolInfoPropertyList.swift */; };
		26F686FC28232D3C0010D28A /* HelperToolInfoPropertyList.swift in Sources */ = {isa = PBXBuildFile; fileRef = 26F686FA28232D3C0010D28A /* HelperToolInfoPropertyList.swift */; };
		26F686FE28232D660010D28A /* HelperToolLaunchdPropertyList.swift in Sources */ = {isa = PBXBuildFile; fileRef = 26F686FD28232D660010D28A /* HelperToolLaunchdPropertyList.swift */; };
		26F686FF28232D660010D28A /* HelperToolLaunchdPropertyList.swift in Sources */ = {isa = PBXBuildFile; fileRef = 26F686FD28232D660010D28A /* HelperToolLaunchdPropertyList.swift */; };
		26F6870128232D7D0010D28A /* CodeInfo.swift in Sources */ = {isa = PBXBuildFile; fileRef = 26F6870028232D7D0010D28A /* CodeInfo.swift */; };
		26F6870228232D7D0010D28A /* CodeInfo.swift in Sources */ = {isa = PBXBuildFile; fileRef = 26F6870028232D7D0010D28A /* CodeInfo.swift */; };
		26F6870628232E130010D28A /* Uninstaller.swift in Sources */ = {isa = PBXBuildFile; fileRef = 26F6870528232E130010D28A /* Uninstaller.swift */; };
		26F6870828232E360010D28A /* Updater.swift in Sources */ = {isa = PBXBuildFile; fileRef = 26F6870728232E360010D28A /* Updater.swift */; };
		26F6870F28232F310010D28A /* DiagnosticSigningInfo.swift in Sources */ = {isa = PBXBuildFile; fileRef = 26F6870E28232F310010D28A /* DiagnosticSigningInfo.swift */; };
		26F6871128232F700010D28A /* AppConfig.xcconfig in Resources */ = {isa = PBXBuildFile; fileRef = 26F6871028232F700010D28A /* AppConfig.xcconfig */; };
/* End PBXBuildFile section */

/* Begin PBXCopyFilesBuildPhase section */
		26F686ED28232CCC0010D28A /* CopyFiles */ = {
			isa = PBXCopyFilesBuildPhase;
			buildActionMask = 2147483647;
			dstPath = /usr/share/man/man1/;
			dstSubfolderSpec = 0;
			files = (
			);
			runOnlyForDeploymentPostprocessing = 1;
		};
		26F68713282330F70010D28A /* CopyFiles */ = {
			isa = PBXCopyFilesBuildPhase;
			buildActionMask = 2147483647;
			dstPath = Contents/Library/LaunchServices;
			dstSubfolderSpec = 1;
			files = (
				262B490E2829C3FC00DF1C03 /* dev.halz.Maple.helper in CopyFiles */,
			);
			runOnlyForDeploymentPostprocessing = 0;
		};
/* End PBXCopyFilesBuildPhase section */

/* Begin PBXFileReference section */
		261713DE2858B23300105916 /* MaplePreferences */ = {isa = PBXFileReference; lastKnownFileType = wrapper; name = MaplePreferences; path = ../../Desktop/MaplePreferences; sourceTree = "<group>"; };
		2617AC20282DB39B00E40CE8 /* MapleInjectionHelper.swift */ = {isa = PBXFileReference; lastKnownFileType = sourcecode.swift; path = MapleInjectionHelper.swift; sourceTree = "<group>"; };
		2617AC22282F360E00E40CE8 /* TerminalResponse.swift */ = {isa = PBXFileReference; lastKnownFileType = sourcecode.swift; path = TerminalResponse.swift; sourceTree = "<group>"; };
		2617AC25282F3C0900E40CE8 /* InjectionError.swift */ = {isa = PBXFileReference; lastKnownFileType = sourcecode.swift; path = InjectionError.swift; sourceTree = "<group>"; };
		2617AC282833239600E40CE8 /* HelperToolMonitor.swift */ = {isa = PBXFileReference; lastKnownFileType = sourcecode.swift; path = HelperToolMonitor.swift; sourceTree = "<group>"; };
		26303F8828347619000A0CEC /* InstallError.swift */ = {isa = PBXFileReference; lastKnownFileType = sourcecode.swift; path = InstallError.swift; sourceTree = "<group>"; };
		26303F8B28356905000A0CEC /* LeafSettingsList.swift */ = {isa = PBXFileReference; lastKnownFileType = sourcecode.swift; path = LeafSettingsList.swift; sourceTree = "<group>"; };
		26303F8D28356B19000A0CEC /* FileError.swift */ = {isa = PBXFileReference; lastKnownFileType = sourcecode.swift; path = FileError.swift; sourceTree = "<group>"; };
		26303F8F2835701A000A0CEC /* LeafSettings.swift */ = {isa = PBXFileReference; lastKnownFileType = sourcecode.swift; path = LeafSettings.swift; sourceTree = "<group>"; };
		26303F912835703B000A0CEC /* MapleSettings.swift */ = {isa = PBXFileReference; lastKnownFileType = sourcecode.swift; path = MapleSettings.swift; sourceTree = "<group>"; };
		26303F93283570B3000A0CEC /* MapleSegmentPicker.swift */ = {isa = PBXFileReference; lastKnownFileType = sourcecode.swift; path = MapleSegmentPicker.swift; sourceTree = "<group>"; };
		26303F952839D534000A0CEC /* LeafSettingsCell.swift */ = {isa = PBXFileReference; lastKnownFileType = sourcecode.swift; path = LeafSettingsCell.swift; sourceTree = "<group>"; };
		26303F97283C6D57000A0CEC /* LeafSettingsSection.swift */ = {isa = PBXFileReference; lastKnownFileType = sourcecode.swift; path = LeafSettingsSection.swift; sourceTree = "<group>"; };
		26303F99283D0F71000A0CEC /* DevelopmentMonitor.swift */ = {isa = PBXFileReference; lastKnownFileType = sourcecode.swift; path = DevelopmentMonitor.swift; sourceTree = "<group>"; };
		26303F9B283D3B40000A0CEC /* MapleDialogue.swift */ = {isa = PBXFileReference; lastKnownFileType = sourcecode.swift; path = MapleDialogue.swift; sourceTree = "<group>"; };
		264FBD7D2852D77500141978 /* UnknownPreferenceView.swift */ = {isa = PBXFileReference; lastKnownFileType = sourcecode.swift; path = UnknownPreferenceView.swift; sourceTree = "<group>"; };
		266AF4A22803ABDF0090447B /* Info.plist */ = {isa = PBXFileReference; lastKnownFileType = text.plist; path = Info.plist; sourceTree = "<group>"; };
		267AE1FD2847C8C00079CAC4 /* PreferencesView.swift */ = {isa = PBXFileReference; lastKnownFileType = sourcecode.swift; path = PreferencesView.swift; sourceTree = "<group>"; };
		267AE1FF2847E8370079CAC4 /* PreferencesGroupView.swift */ = {isa = PBXFileReference; lastKnownFileType = sourcecode.swift; path = PreferencesGroupView.swift; sourceTree = "<group>"; };
		267AE2012847E83E0079CAC4 /* PreferenceView.swift */ = {isa = PBXFileReference; lastKnownFileType = sourcecode.swift; path = PreferenceView.swift; sourceTree = "<group>"; };
		267AE2032847E86B0079CAC4 /* StringPreferenceView.swift */ = {isa = PBXFileReference; lastKnownFileType = sourcecode.swift; path = StringPreferenceView.swift; sourceTree = "<group>"; };
		267AE2052847E8740079CAC4 /* BooleanPreferenceView.swift */ = {isa = PBXFileReference; lastKnownFileType = sourcecode.swift; path = BooleanPreferenceView.swift; sourceTree = "<group>"; };
		267AE2072847E87C0079CAC4 /* ColorPreferenceView.swift */ = {isa = PBXFileReference; lastKnownFileType = sourcecode.swift; path = ColorPreferenceView.swift; sourceTree = "<group>"; };
		267AE2092847E8870079CAC4 /* NumberPreferenceView.swift */ = {isa = PBXFileReference; lastKnownFileType = sourcecode.swift; path = NumberPreferenceView.swift; sourceTree = "<group>"; };
		268047842809CE5A00FD60D2 /* MapleNotificationController.swift */ = {isa = PBXFileReference; lastKnownFileType = sourcecode.swift; path = MapleNotificationController.swift; sourceTree = "<group>"; };
		268422392856478100C31DD2 /* Maple+Preferences.swift */ = {isa = PBXFileReference; lastKnownFileType = sourcecode.swift; path = "Maple+Preferences.swift"; sourceTree = "<group>"; };
		268B0D39281F70180049F090 /* SettingsView.swift */ = {isa = PBXFileReference; lastKnownFileType = sourcecode.swift; path = SettingsView.swift; sourceTree = "<group>"; };
		268B0D3B281F71B90049F090 /* HelperSettings.swift */ = {isa = PBXFileReference; lastKnownFileType = sourcecode.swift; path = HelperSettings.swift; sourceTree = "<group>"; };
		26BC6CC92809E5A2004617C2 /* LeafList.swift */ = {isa = PBXFileReference; lastKnownFileType = sourcecode.swift; path = LeafList.swift; sourceTree = "<group>"; };
		26BC6CCB2809E663004617C2 /* LeafDetailView.swift */ = {isa = PBXFileReference; lastKnownFileType = sourcecode.swift; path = LeafDetailView.swift; sourceTree = "<group>"; };
		26BC6CCD2809E8A0004617C2 /* Maple+View.swift */ = {isa = PBXFileReference; lastKnownFileType = sourcecode.swift; path = "Maple+View.swift"; sourceTree = "<group>"; };
		26C35B7827FA89E800BD4B2B /* Maple.app */ = {isa = PBXFileReference; explicitFileType = wrapper.application; includeInIndex = 0; path = Maple.app; sourceTree = BUILT_PRODUCTS_DIR; };
		26C35B7B27FA89E800BD4B2B /* AppDelegate.swift */ = {isa = PBXFileReference; lastKnownFileType = sourcecode.swift; path = AppDelegate.swift; sourceTree = "<group>"; };
		26C35B7D27FA89E800BD4B2B /* ViewController.swift */ = {isa = PBXFileReference; lastKnownFileType = sourcecode.swift; path = ViewController.swift; sourceTree = "<group>"; };
		26C35B7F27FA89E900BD4B2B /* Assets.xcassets */ = {isa = PBXFileReference; lastKnownFileType = folder.assetcatalog; path = Assets.xcassets; sourceTree = "<group>"; };
		26C35B8227FA89E900BD4B2B /* Base */ = {isa = PBXFileReference; lastKnownFileType = file.storyboard; name = Base; path = Base.lproj/Main.storyboard; sourceTree = "<group>"; };
		26C35B8E27FA8A1F00BD4B2B /* InstallStartView.swift */ = {isa = PBXFileReference; fileEncoding = 4; lastKnownFileType = sourcecode.swift; path = InstallStartView.swift; sourceTree = "<group>"; };
		26C35B8F27FA8A1F00BD4B2B /* InstallWelcomeView.swift */ = {isa = PBXFileReference; fileEncoding = 4; lastKnownFileType = sourcecode.swift; path = InstallWelcomeView.swift; sourceTree = "<group>"; };
		26C35B9027FA8A1F00BD4B2B /* InstallVerifyView.swift */ = {isa = PBXFileReference; fileEncoding = 4; lastKnownFileType = sourcecode.swift; path = InstallVerifyView.swift; sourceTree = "<group>"; };
		26C35B9127FA8A1F00BD4B2B /* InstallSelectView.swift */ = {isa = PBXFileReference; fileEncoding = 4; lastKnownFileType = sourcecode.swift; path = InstallSelectView.swift; sourceTree = "<group>"; };
		26C35B9227FA8A1F00BD4B2B /* InstallerView.swift */ = {isa = PBXFileReference; fileEncoding = 4; lastKnownFileType = sourcecode.swift; path = InstallerView.swift; sourceTree = "<group>"; };
		26C35BA227FA8A1F00BD4B2B /* LeafCell.swift */ = {isa = PBXFileReference; fileEncoding = 4; lastKnownFileType = sourcecode.swift; path = LeafCell.swift; sourceTree = "<group>"; };
		26C35BA327FA8A1F00BD4B2B /* HomeScreen.swift */ = {isa = PBXFileReference; fileEncoding = 4; lastKnownFileType = sourcecode.swift; path = HomeScreen.swift; sourceTree = "<group>"; };
		26C35BA527FA8A1F00BD4B2B /* StatusBarController.swift */ = {isa = PBXFileReference; fileEncoding = 4; lastKnownFileType = sourcecode.swift; path = StatusBarController.swift; sourceTree = "<group>"; };
		26C35BA627FA8A1F00BD4B2B /* EventMonitor.swift */ = {isa = PBXFileReference; fileEncoding = 4; lastKnownFileType = sourcecode.swift; path = EventMonitor.swift; sourceTree = "<group>"; };
		26C35BBE27FA8A7700BD4B2B /* Leaf.swift */ = {isa = PBXFileReference; fileEncoding = 4; lastKnownFileType = sourcecode.swift; path = Leaf.swift; sourceTree = "<group>"; };
		26C35BC027FA8A7700BD4B2B /* MapleController.swift */ = {isa = PBXFileReference; fileEncoding = 4; lastKnownFileType = sourcecode.swift; path = MapleController.swift; sourceTree = "<group>"; };
		26C35BC327FB734900BD4B2B /* MapleButton.swift */ = {isa = PBXFileReference; lastKnownFileType = sourcecode.swift; path = MapleButton.swift; sourceTree = "<group>"; };
		26C5DE11284E30C900FCF717 /* MapleColorPicker.swift */ = {isa = PBXFileReference; lastKnownFileType = sourcecode.swift; path = MapleColorPicker.swift; sourceTree = "<group>"; };
		26C5DE13284E30D000FCF717 /* MapleTextField.swift */ = {isa = PBXFileReference; lastKnownFileType = sourcecode.swift; path = MapleTextField.swift; sourceTree = "<group>"; };
		26C5DE16284E35DD00FCF717 /* DefaultColors.swift */ = {isa = PBXFileReference; lastKnownFileType = sourcecode.swift; path = DefaultColors.swift; sourceTree = "<group>"; };
		26C5DE18284E366400FCF717 /* ColorCell.swift */ = {isa = PBXFileReference; lastKnownFileType = sourcecode.swift; path = ColorCell.swift; sourceTree = "<group>"; };
		26D3421B283E8CD20073C07B /* MapleDevelopmentHelper.swift */ = {isa = PBXFileReference; lastKnownFileType = sourcecode.swift; path = MapleDevelopmentHelper.swift; sourceTree = "<group>"; };
		26D3421E283FD5BB0073C07B /* MaplePreferencesController.swift */ = {isa = PBXFileReference; lastKnownFileType = sourcecode.swift; path = MaplePreferencesController.swift; sourceTree = "<group>"; };
		26EC67D4280BA87A000181B3 /* MapleFileHelper.swift */ = {isa = PBXFileReference; lastKnownFileType = sourcecode.swift; path = MapleFileHelper.swift; sourceTree = "<group>"; };
		26F686DB28232BFA0010D28A /* Config.xcconfig */ = {isa = PBXFileReference; fileEncoding = 4; lastKnownFileType = text.xcconfig; path = Config.xcconfig; sourceTree = "<group>"; };
		26F686EF28232CCC0010D28A /* dev.halz.Maple.helper */ = {isa = PBXFileReference; explicitFileType = "compiled.mach-o.executable"; includeInIndex = 0; path = dev.halz.Maple.helper; sourceTree = BUILT_PRODUCTS_DIR; };
		26F686F128232CCC0010D28A /* main.swift */ = {isa = PBXFileReference; lastKnownFileType = sourcecode.swift; path = main.swift; sourceTree = "<group>"; };
		26F686F728232CE70010D28A /* SharedConstants.swift */ = {isa = PBXFileReference; lastKnownFileType = sourcecode.swift; path = SharedConstants.swift; sourceTree = "<group>"; };
		26F686FA28232D3C0010D28A /* HelperToolInfoPropertyList.swift */ = {isa = PBXFileReference; lastKnownFileType = sourcecode.swift; path = HelperToolInfoPropertyList.swift; sourceTree = "<group>"; };
		26F686FD28232D660010D28A /* HelperToolLaunchdPropertyList.swift */ = {isa = PBXFileReference; lastKnownFileType = sourcecode.swift; path = HelperToolLaunchdPropertyList.swift; sourceTree = "<group>"; };
		26F6870028232D7D0010D28A /* CodeInfo.swift */ = {isa = PBXFileReference; lastKnownFileType = sourcecode.swift; path = CodeInfo.swift; sourceTree = "<group>"; };
		26F6870328232DAE0010D28A /* HelperToolConfig.xcconfig */ = {isa = PBXFileReference; fileEncoding = 4; lastKnownFileType = text.xcconfig; path = HelperToolConfig.xcconfig; sourceTree = "<group>"; };
		26F6870428232DDE0010D28A /* Info.plist */ = {isa = PBXFileReference; lastKnownFileType = text.plist.xml; path = Info.plist; sourceTree = "<group>"; };
		26F6870528232E130010D28A /* Uninstaller.swift */ = {isa = PBXFileReference; lastKnownFileType = sourcecode.swift; path = Uninstaller.swift; sourceTree = "<group>"; };
		26F6870728232E360010D28A /* Updater.swift */ = {isa = PBXFileReference; lastKnownFileType = sourcecode.swift; path = Updater.swift; sourceTree = "<group>"; };
		26F6870C28232EB30010D28A /* PropertyListModifier.swift */ = {isa = PBXFileReference; lastKnownFileType = sourcecode.swift; path = PropertyListModifier.swift; sourceTree = "<group>"; };
		26F6870E28232F310010D28A /* DiagnosticSigningInfo.swift */ = {isa = PBXFileReference; lastKnownFileType = sourcecode.swift; path = DiagnosticSigningInfo.swift; sourceTree = "<group>"; };
		26F6871028232F700010D28A /* AppConfig.xcconfig */ = {isa = PBXFileReference; fileEncoding = 4; lastKnownFileType = text.xcconfig; path = AppConfig.xcconfig; sourceTree = "<group>"; };
/* End PBXFileReference section */

/* Begin PBXFrameworksBuildPhase section */
		26C35B7527FA89E800BD4B2B /* Frameworks */ = {
			isa = PBXFrameworksBuildPhase;
			buildActionMask = 2147483647;
			files = (
				261713E22858B54600105916 /* MaplePreferences in Frameworks */,
				261265762858E74400C138DF /* Blessed in Frameworks */,
				261265792858E75600C138DF /* SecureXPC in Frameworks */,
				2612657C2858E76600C138DF /* EmbeddedPropertyList in Frameworks */,
				2612657F2858E77500C138DF /* Zip in Frameworks */,
			);
			runOnlyForDeploymentPostprocessing = 0;
		};
		26F686EC28232CCC0010D28A /* Frameworks */ = {
			isa = PBXFrameworksBuildPhase;
			buildActionMask = 2147483647;
			files = (
			);
			runOnlyForDeploymentPostprocessing = 0;
		};
/* End PBXFrameworksBuildPhase section */

/* Begin PBXGroup section */
		26303F8A283568DA000A0CEC /* Leaf Settings */ = {
			isa = PBXGroup;
			children = (
				26303F8F2835701A000A0CEC /* LeafSettings.swift */,
				26303F8B28356905000A0CEC /* LeafSettingsList.swift */,
				26303F952839D534000A0CEC /* LeafSettingsCell.swift */,
				26303F97283C6D57000A0CEC /* LeafSettingsSection.swift */,
			);
			path = "Leaf Settings";
			sourceTree = "<group>";
		};
		267AE1FC2847C8B50079CAC4 /* Preferences */ = {
			isa = PBXGroup;
			children = (
				267AE1FD2847C8C00079CAC4 /* PreferencesView.swift */,
				267AE1FF2847E8370079CAC4 /* PreferencesGroupView.swift */,
				267AE2012847E83E0079CAC4 /* PreferenceView.swift */,
				267AE20C2847E9420079CAC4 /* Preference Cells */,
			);
			path = Preferences;
			sourceTree = "<group>";
		};
		267AE20C2847E9420079CAC4 /* Preference Cells */ = {
			isa = PBXGroup;
			children = (
				267AE2032847E86B0079CAC4 /* StringPreferenceView.swift */,
				267AE2052847E8740079CAC4 /* BooleanPreferenceView.swift */,
				267AE2072847E87C0079CAC4 /* ColorPreferenceView.swift */,
				267AE2092847E8870079CAC4 /* NumberPreferenceView.swift */,
				264FBD7D2852D77500141978 /* UnknownPreferenceView.swift */,
			);
			path = "Preference Cells";
			sourceTree = "<group>";
		};
		267AE21028480D560079CAC4 /* Preferences */ = {
			isa = PBXGroup;
			children = (
				26D3421E283FD5BB0073C07B /* MaplePreferencesController.swift */,
			);
			path = Preferences;
			sourceTree = "<group>";
		};
		268B0D38281F700E0049F090 /* Settings */ = {
			isa = PBXGroup;
			children = (
				268B0D39281F70180049F090 /* SettingsView.swift */,
				268B0D3B281F71B90049F090 /* HelperSettings.swift */,
				26303F912835703B000A0CEC /* MapleSettings.swift */,
				26303F8A283568DA000A0CEC /* Leaf Settings */,
				267AE1FC2847C8B50079CAC4 /* Preferences */,
			);
			path = Settings;
			sourceTree = "<group>";
		};
		26C35B6F27FA89E800BD4B2B = {
			isa = PBXGroup;
			children = (
				26F686DB28232BFA0010D28A /* Config.xcconfig */,
				26C35B7A27FA89E800BD4B2B /* Maple */,
				26F686DD28232C410010D28A /* Shared */,
				26F686F028232CCC0010D28A /* helper */,
				26F6870B28232E940010D28A /* BuildScripts */,
				26C35B7927FA89E800BD4B2B /* Products */,
				26F68720282331F10010D28A /* Frameworks */,
			);
			sourceTree = "<group>";
		};
		26C35B7927FA89E800BD4B2B /* Products */ = {
			isa = PBXGroup;
			children = (
				26C35B7827FA89E800BD4B2B /* Maple.app */,
				26F686EF28232CCC0010D28A /* dev.halz.Maple.helper */,
			);
			name = Products;
			sourceTree = "<group>";
		};
		26C35B7A27FA89E800BD4B2B /* Maple */ = {
			isa = PBXGroup;
			children = (
				26F6871028232F700010D28A /* AppConfig.xcconfig */,
				266AF4A22803ABDF0090447B /* Info.plist */,
				26C35B7B27FA89E800BD4B2B /* AppDelegate.swift */,
				26C35B8B27FA8A0400BD4B2B /* UI */,
				26C35BBF27FA8A7700BD4B2B /* Controller */,
				26C35BBD27FA8A7700BD4B2B /* Modal */,
				26F6870D28232F020010D28A /* Helper Connection */,
			);
			path = Maple;
			sourceTree = "<group>";
		};
		26C35B8A27FA89FD00BD4B2B /* Autogen */ = {
			isa = PBXGroup;
			children = (
				26C35B7F27FA89E900BD4B2B /* Assets.xcassets */,
				26C35B8127FA89E900BD4B2B /* Main.storyboard */,
			);
			path = Autogen;
			sourceTree = "<group>";
		};
		26C35B8B27FA8A0400BD4B2B /* UI */ = {
			isa = PBXGroup;
			children = (
				26C35B7D27FA89E800BD4B2B /* ViewController.swift */,
				26C35B8A27FA89FD00BD4B2B /* Autogen */,
				268B0D38281F700E0049F090 /* Settings */,
				26C35BA127FA8A1F00BD4B2B /* BarApp */,
				26C35B8C27FA8A1F00BD4B2B /* Install */,
				26C35BC527FB734D00BD4B2B /* Essentials */,
			);
			path = UI;
			sourceTree = "<group>";
		};
		26C35B8C27FA8A1F00BD4B2B /* Install */ = {
			isa = PBXGroup;
			children = (
				26C35B9227FA8A1F00BD4B2B /* InstallerView.swift */,
				26C35B8D27FA8A1F00BD4B2B /* StepViews */,
			);
			path = Install;
			sourceTree = "<group>";
		};
		26C35B8D27FA8A1F00BD4B2B /* StepViews */ = {
			isa = PBXGroup;
			children = (
				26C35B8F27FA8A1F00BD4B2B /* InstallWelcomeView.swift */,
				26C35B9127FA8A1F00BD4B2B /* InstallSelectView.swift */,
				26C35B9027FA8A1F00BD4B2B /* InstallVerifyView.swift */,
				26C35B8E27FA8A1F00BD4B2B /* InstallStartView.swift */,
			);
			path = StepViews;
			sourceTree = "<group>";
		};
		26C35BA127FA8A1F00BD4B2B /* BarApp */ = {
			isa = PBXGroup;
			children = (
				26C35BA427FA8A1F00BD4B2B /* StatusBarTools */,
				26C35BA227FA8A1F00BD4B2B /* LeafCell.swift */,
				26BC6CCB2809E663004617C2 /* LeafDetailView.swift */,
				26BC6CC92809E5A2004617C2 /* LeafList.swift */,
				26C35BA327FA8A1F00BD4B2B /* HomeScreen.swift */,
			);
			path = BarApp;
			sourceTree = "<group>";
		};
		26C35BA427FA8A1F00BD4B2B /* StatusBarTools */ = {
			isa = PBXGroup;
			children = (
				26C35BA527FA8A1F00BD4B2B /* StatusBarController.swift */,
				26C35BA627FA8A1F00BD4B2B /* EventMonitor.swift */,
			);
			path = StatusBarTools;
			sourceTree = "<group>";
		};
		26C35BBD27FA8A7700BD4B2B /* Modal */ = {
			isa = PBXGroup;
			children = (
				26C35BBE27FA8A7700BD4B2B /* Leaf.swift */,
				26303F8828347619000A0CEC /* InstallError.swift */,
				26303F8D28356B19000A0CEC /* FileError.swift */,
				268422392856478100C31DD2 /* Maple+Preferences.swift */,
			);
			path = Modal;
			sourceTree = "<group>";
		};
		26C35BBF27FA8A7700BD4B2B /* Controller */ = {
			isa = PBXGroup;
			children = (
				26C35BC027FA8A7700BD4B2B /* MapleController.swift */,
				268047842809CE5A00FD60D2 /* MapleNotificationController.swift */,
				26EC67D4280BA87A000181B3 /* MapleFileHelper.swift */,
				26D3421D283E8CD90073C07B /* Development */,
				267AE21028480D560079CAC4 /* Preferences */,
			);
			path = Controller;
			sourceTree = "<group>";
		};
		26C35BC527FB734D00BD4B2B /* Essentials */ = {
			isa = PBXGroup;
			children = (
				26C35BC327FB734900BD4B2B /* MapleButton.swift */,
				26303F93283570B3000A0CEC /* MapleSegmentPicker.swift */,
				26BC6CCD2809E8A0004617C2 /* Maple+View.swift */,
				26303F9B283D3B40000A0CEC /* MapleDialogue.swift */,
				26C5DE13284E30D000FCF717 /* MapleTextField.swift */,
				26C5DE11284E30C900FCF717 /* MapleColorPicker.swift */,
				26C5DE15284E35CC00FCF717 /* Color Picker Views */,
			);
			path = Essentials;
			sourceTree = "<group>";
		};
		26C5DE15284E35CC00FCF717 /* Color Picker Views */ = {
			isa = PBXGroup;
			children = (
				26C5DE18284E366400FCF717 /* ColorCell.swift */,
				26C5DE16284E35DD00FCF717 /* DefaultColors.swift */,
			);
			path = "Color Picker Views";
			sourceTree = "<group>";
		};
		26D3421D283E8CD90073C07B /* Development */ = {
			isa = PBXGroup;
			children = (
				26303F99283D0F71000A0CEC /* DevelopmentMonitor.swift */,
				26D3421B283E8CD20073C07B /* MapleDevelopmentHelper.swift */,
			);
			path = Development;
			sourceTree = "<group>";
		};
		26F686DD28232C410010D28A /* Shared */ = {
			isa = PBXGroup;
			children = (
				26F686F728232CE70010D28A /* SharedConstants.swift */,
				26F686FA28232D3C0010D28A /* HelperToolInfoPropertyList.swift */,
				26F686FD28232D660010D28A /* HelperToolLaunchdPropertyList.swift */,
				26F6870028232D7D0010D28A /* CodeInfo.swift */,
				2617AC22282F360E00E40CE8 /* TerminalResponse.swift */,
				2617AC25282F3C0900E40CE8 /* InjectionError.swift */,
			);
			path = Shared;
			sourceTree = "<group>";
		};
		26F686F028232CCC0010D28A /* helper */ = {
			isa = PBXGroup;
			children = (
				26F6870328232DAE0010D28A /* HelperToolConfig.xcconfig */,
				26F6870428232DDE0010D28A /* Info.plist */,
				26F686F128232CCC0010D28A /* main.swift */,
				26F6870528232E130010D28A /* Uninstaller.swift */,
				26F6870728232E360010D28A /* Updater.swift */,
				2617AC20282DB39B00E40CE8 /* MapleInjectionHelper.swift */,
			);
			path = helper;
			sourceTree = "<group>";
		};
		26F6870B28232E940010D28A /* BuildScripts */ = {
			isa = PBXGroup;
			children = (
				26F6870C28232EB30010D28A /* PropertyListModifier.swift */,
			);
			path = BuildScripts;
			sourceTree = "<group>";
		};
		26F6870D28232F020010D28A /* Helper Connection */ = {
			isa = PBXGroup;
			children = (
				26F6870E28232F310010D28A /* DiagnosticSigningInfo.swift */,
				2617AC282833239600E40CE8 /* HelperToolMonitor.swift */,
			);
			path = "Helper Connection";
			sourceTree = "<group>";
		};
		26F68720282331F10010D28A /* Frameworks */ = {
			isa = PBXGroup;
			children = (
				261713DE2858B23300105916 /* MaplePreferences */,
			);
			name = Frameworks;
			sourceTree = "<group>";
		};
/* End PBXGroup section */

/* Begin PBXNativeTarget section */
		26C35B7727FA89E800BD4B2B /* Maple */ = {
			isa = PBXNativeTarget;
			buildConfigurationList = 26C35B8727FA89E900BD4B2B /* Build configuration list for PBXNativeTarget "Maple" */;
			buildPhases = (
				26F68712282330C80010D28A /* ShellScript */,
				26C35B7427FA89E800BD4B2B /* Sources */,
				26C35B7527FA89E800BD4B2B /* Frameworks */,
				26C35B7627FA89E800BD4B2B /* Resources */,
				26F68713282330F70010D28A /* CopyFiles */,
				262B490F2829CD1E00DF1C03 /* ShellScript */,
			);
			buildRules = (
			);
			dependencies = (
			);
			name = Maple;
			packageProductDependencies = (
				261713E12858B54600105916 /* MaplePreferences */,
				261265752858E74400C138DF /* Blessed */,
				261265782858E75600C138DF /* SecureXPC */,
				2612657B2858E76600C138DF /* EmbeddedPropertyList */,
				2612657E2858E77500C138DF /* Zip */,
			);
			productName = Maple;
			productReference = 26C35B7827FA89E800BD4B2B /* Maple.app */;
			productType = "com.apple.product-type.application";
		};
		26F686EE28232CCC0010D28A /* helper */ = {
			isa = PBXNativeTarget;
			buildConfigurationList = 26F686F328232CCC0010D28A /* Build configuration list for PBXNativeTarget "helper" */;
			buildPhases = (
				26F687152823314D0010D28A /* ShellScript */,
				26F686EB28232CCC0010D28A /* Sources */,
				26F686EC28232CCC0010D28A /* Frameworks */,
				26F686ED28232CCC0010D28A /* CopyFiles */,
				262B49102829CD3700DF1C03 /* ShellScript */,
			);
			buildRules = (
			);
			dependencies = (
			);
			name = helper;
			packageProductDependencies = (
			);
			productName = helper;
			productReference = 26F686EF28232CCC0010D28A /* dev.halz.Maple.helper */;
			productType = "com.apple.product-type.tool";
		};
/* End PBXNativeTarget section */

/* Begin PBXProject section */
		26C35B7027FA89E800BD4B2B /* Project object */ = {
			isa = PBXProject;
			attributes = {
				BuildIndependentTargetsInParallel = 1;
				LastSwiftUpdateCheck = 1330;
				LastUpgradeCheck = 1330;
				TargetAttributes = {
					26C35B7727FA89E800BD4B2B = {
						CreatedOnToolsVersion = 13.3;
					};
					26F686EE28232CCC0010D28A = {
						CreatedOnToolsVersion = 13.3.1;
					};
				};
			};
			buildConfigurationList = 26C35B7327FA89E800BD4B2B /* Build configuration list for PBXProject "Maple" */;
			compatibilityVersion = "Xcode 13.0";
			developmentRegion = en;
			hasScannedForEncodings = 0;
			knownRegions = (
				en,
				Base,
			);
			mainGroup = 26C35B6F27FA89E800BD4B2B;
			packageReferences = (
				261265742858E74400C138DF /* XCRemoteSwiftPackageReference "Blessed" */,
				261265772858E75600C138DF /* XCRemoteSwiftPackageReference "SecureXPC" */,
				2612657A2858E76600C138DF /* XCRemoteSwiftPackageReference "EmbeddedPropertyList" */,
				2612657D2858E77500C138DF /* XCRemoteSwiftPackageReference "Zip" */,
			);
			productRefGroup = 26C35B7927FA89E800BD4B2B /* Products */;
			projectDirPath = "";
			projectRoot = "";
			targets = (
				26C35B7727FA89E800BD4B2B /* Maple */,
				26F686EE28232CCC0010D28A /* helper */,
			);
		};
/* End PBXProject section */

/* Begin PBXResourcesBuildPhase section */
		26C35B7627FA89E800BD4B2B /* Resources */ = {
			isa = PBXResourcesBuildPhase;
			buildActionMask = 2147483647;
			files = (
				26F6871128232F700010D28A /* AppConfig.xcconfig in Resources */,
				26C35B8027FA89E900BD4B2B /* Assets.xcassets in Resources */,
				26F686DC28232BFA0010D28A /* Config.xcconfig in Resources */,
				26C35B8327FA89E900BD4B2B /* Main.storyboard in Resources */,
			);
			runOnlyForDeploymentPostprocessing = 0;
		};
/* End PBXResourcesBuildPhase section */

/* Begin PBXShellScriptBuildPhase section */
		262B490F2829CD1E00DF1C03 /* ShellScript */ = {
			isa = PBXShellScriptBuildPhase;
			alwaysOutOfDate = 1;
			buildActionMask = 2147483647;
			files = (
			);
			inputFileListPaths = (
			);
			inputPaths = (
			);
			outputFileListPaths = (
			);
			outputPaths = (
			);
			runOnlyForDeploymentPostprocessing = 0;
			shellPath = /bin/sh;
			shellScript = "\"${SRCROOT}\"/BuildScripts/PropertyListModifier.swift cleanup-job-bless-requirements\n";
		};
		262B49102829CD3700DF1C03 /* ShellScript */ = {
			isa = PBXShellScriptBuildPhase;
			alwaysOutOfDate = 1;
			buildActionMask = 2147483647;
			files = (
			);
			inputFileListPaths = (
			);
			inputPaths = (
			);
			outputFileListPaths = (
			);
			outputPaths = (
			);
			runOnlyForDeploymentPostprocessing = 0;
			shellPath = /bin/sh;
			shellScript = "\"${SRCROOT}\"/BuildScripts/PropertyListModifier.swift cleanup-job-bless-requirements cleanup-mach-services\n\n";
		};
		26F68712282330C80010D28A /* ShellScript */ = {
			isa = PBXShellScriptBuildPhase;
			alwaysOutOfDate = 1;
			buildActionMask = 2147483647;
			files = (
			);
			inputFileListPaths = (
			);
			inputPaths = (
			);
			outputFileListPaths = (
			);
			outputPaths = (
			);
			runOnlyForDeploymentPostprocessing = 0;
			shellPath = /bin/sh;
			shellScript = "\"${SRCROOT}\"/BuildScripts/PropertyListModifier.swift satisfy-job-bless-requirements\n\n";
		};
		26F687152823314D0010D28A /* ShellScript */ = {
			isa = PBXShellScriptBuildPhase;
			alwaysOutOfDate = 1;
			buildActionMask = 2147483647;
			files = (
			);
			inputFileListPaths = (
			);
			inputPaths = (
			);
			outputFileListPaths = (
			);
			outputPaths = (
			);
			runOnlyForDeploymentPostprocessing = 0;
			shellPath = /bin/sh;
			shellScript = "\"${SRCROOT}\"/BuildScripts/PropertyListModifier.swift satisfy-job-bless-requirements specify-mach-services auto-increment-version\n";
		};
/* End PBXShellScriptBuildPhase section */

/* Begin PBXSourcesBuildPhase section */
		26C35B7427FA89E800BD4B2B /* Sources */ = {
			isa = PBXSourcesBuildPhase;
			buildActionMask = 2147483647;
			files = (
				26C5DE14284E30D000FCF717 /* MapleTextField.swift in Sources */,
				2617AC292833239600E40CE8 /* HelperToolMonitor.swift in Sources */,
				267AE2062847E8740079CAC4 /* BooleanPreferenceView.swift in Sources */,
				26D3421C283E8CD20073C07B /* MapleDevelopmentHelper.swift in Sources */,
				268B0D3A281F70180049F090 /* SettingsView.swift in Sources */,
				26BC6CCE2809E8A0004617C2 /* Maple+View.swift in Sources */,
				26F6870F28232F310010D28A /* DiagnosticSigningInfo.swift in Sources */,
				26BC6CCC2809E663004617C2 /* LeafDetailView.swift in Sources */,
				26303F94283570B3000A0CEC /* MapleSegmentPicker.swift in Sources */,
				26F686FB28232D3C0010D28A /* HelperToolInfoPropertyList.swift in Sources */,
				26C35BA727FA8A1F00BD4B2B /* InstallStartView.swift in Sources */,
				26F686F828232CE70010D28A /* SharedConstants.swift in Sources */,
				268047852809CE5A00FD60D2 /* MapleNotificationController.swift in Sources */,
				26303F9A283D0F71000A0CEC /* DevelopmentMonitor.swift in Sources */,
				26C35BAB27FA8A1F00BD4B2B /* InstallerView.swift in Sources */,
				26303F8928347619000A0CEC /* InstallError.swift in Sources */,
				26C35BBA27FA8A2000BD4B2B /* HomeScreen.swift in Sources */,
				26303F922835703B000A0CEC /* MapleSettings.swift in Sources */,
				26C35BA927FA8A1F00BD4B2B /* InstallVerifyView.swift in Sources */,
				267AE20A2847E8870079CAC4 /* NumberPreferenceView.swift in Sources */,
				26C35BA827FA8A1F00BD4B2B /* InstallWelcomeView.swift in Sources */,
				2617AC26282F3C0900E40CE8 /* InjectionError.swift in Sources */,
				26C35BC427FB734900BD4B2B /* MapleButton.swift in Sources */,
				26303F962839D534000A0CEC /* LeafSettingsCell.swift in Sources */,
				264FBD7E2852D77500141978 /* UnknownPreferenceView.swift in Sources */,
				26C35BC227FA8A7700BD4B2B /* MapleController.swift in Sources */,
				267AE1FE2847C8C00079CAC4 /* PreferencesView.swift in Sources */,
				267AE2002847E8370079CAC4 /* PreferencesGroupView.swift in Sources */,
				26C35BBB27FA8A2000BD4B2B /* StatusBarController.swift in Sources */,
				26C5DE12284E30C900FCF717 /* MapleColorPicker.swift in Sources */,
				26C5DE17284E35DD00FCF717 /* DefaultColors.swift in Sources */,
				26F686FE28232D660010D28A /* HelperToolLaunchdPropertyList.swift in Sources */,
				26C35BB927FA8A2000BD4B2B /* LeafCell.swift in Sources */,
				26303F8E28356B19000A0CEC /* FileError.swift in Sources */,
				26303F9C283D3B40000A0CEC /* MapleDialogue.swift in Sources */,
				26303F902835701A000A0CEC /* LeafSettings.swift in Sources */,
				26EC67D5280BA87A000181B3 /* MapleFileHelper.swift in Sources */,
				267AE2022847E83E0079CAC4 /* PreferenceView.swift in Sources */,
				26F6870128232D7D0010D28A /* CodeInfo.swift in Sources */,
				26C35BBC27FA8A2000BD4B2B /* EventMonitor.swift in Sources */,
				26C35B7E27FA89E800BD4B2B /* ViewController.swift in Sources */,
				26C35BC127FA8A7700BD4B2B /* Leaf.swift in Sources */,
				268B0D3C281F71B90049F090 /* HelperSettings.swift in Sources */,
				267AE2042847E86B0079CAC4 /* StringPreferenceView.swift in Sources */,
				2617AC23282F360E00E40CE8 /* TerminalResponse.swift in Sources */,
				26BC6CCA2809E5A2004617C2 /* LeafList.swift in Sources */,
				26C35BAA27FA8A1F00BD4B2B /* InstallSelectView.swift in Sources */,
				26D3421F283FD5BB0073C07B /* MaplePreferencesController.swift in Sources */,
				26C35B7C27FA89E800BD4B2B /* AppDelegate.swift in Sources */,
				267AE2082847E87C0079CAC4 /* ColorPreferenceView.swift in Sources */,
				26303F98283C6D57000A0CEC /* LeafSettingsSection.swift in Sources */,
				26C5DE19284E366400FCF717 /* ColorCell.swift in Sources */,
				2684223A2856478100C31DD2 /* Maple+Preferences.swift in Sources */,
				26303F8C28356905000A0CEC /* LeafSettingsList.swift in Sources */,
			);
			runOnlyForDeploymentPostprocessing = 0;
		};
		26F686EB28232CCC0010D28A /* Sources */ = {
			isa = PBXSourcesBuildPhase;
			buildActionMask = 2147483647;
			files = (
				26F6870228232D7D0010D28A /* CodeInfo.swift in Sources */,
				26F686FC28232D3C0010D28A /* HelperToolInfoPropertyList.swift in Sources */,
				2617AC21282DB39B00E40CE8 /* MapleInjectionHelper.swift in Sources */,
				26F686F928232CE70010D28A /* SharedConstants.swift in Sources */,
				26F686FF28232D660010D28A /* HelperToolLaunchdPropertyList.swift in Sources */,
				26F6870828232E360010D28A /* Updater.swift in Sources */,
				2617AC27282F3C0900E40CE8 /* InjectionError.swift in Sources */,
				26F6870628232E130010D28A /* Uninstaller.swift in Sources */,
				26F686F228232CCC0010D28A /* main.swift in Sources */,
				2617AC24282F360E00E40CE8 /* TerminalResponse.swift in Sources */,
			);
			runOnlyForDeploymentPostprocessing = 0;
		};
/* End PBXSourcesBuildPhase section */

/* Begin PBXVariantGroup section */
		26C35B8127FA89E900BD4B2B /* Main.storyboard */ = {
			isa = PBXVariantGroup;
			children = (
				26C35B8227FA89E900BD4B2B /* Base */,
			);
			name = Main.storyboard;
			sourceTree = "<group>";
		};
/* End PBXVariantGroup section */

/* Begin XCBuildConfiguration section */
		26C35B8527FA89E900BD4B2B /* Debug */ = {
			isa = XCBuildConfiguration;
			baseConfigurationReference = 26F686DB28232BFA0010D28A /* Config.xcconfig */;
			buildSettings = {
				ALWAYS_SEARCH_USER_PATHS = NO;
				CLANG_ANALYZER_NONNULL = YES;
				CLANG_ANALYZER_NUMBER_OBJECT_CONVERSION = YES_AGGRESSIVE;
				CLANG_CXX_LANGUAGE_STANDARD = "gnu++17";
				CLANG_ENABLE_MODULES = YES;
				CLANG_ENABLE_OBJC_ARC = YES;
				CLANG_ENABLE_OBJC_WEAK = YES;
				CLANG_WARN_BLOCK_CAPTURE_AUTORELEASING = YES;
				CLANG_WARN_BOOL_CONVERSION = YES;
				CLANG_WARN_COMMA = YES;
				CLANG_WARN_CONSTANT_CONVERSION = YES;
				CLANG_WARN_DEPRECATED_OBJC_IMPLEMENTATIONS = YES;
				CLANG_WARN_DIRECT_OBJC_ISA_USAGE = YES_ERROR;
				CLANG_WARN_DOCUMENTATION_COMMENTS = YES;
				CLANG_WARN_EMPTY_BODY = YES;
				CLANG_WARN_ENUM_CONVERSION = YES;
				CLANG_WARN_INFINITE_RECURSION = YES;
				CLANG_WARN_INT_CONVERSION = YES;
				CLANG_WARN_NON_LITERAL_NULL_CONVERSION = YES;
				CLANG_WARN_OBJC_IMPLICIT_RETAIN_SELF = YES;
				CLANG_WARN_OBJC_LITERAL_CONVERSION = YES;
				CLANG_WARN_OBJC_ROOT_CLASS = YES_ERROR;
				CLANG_WARN_QUOTED_INCLUDE_IN_FRAMEWORK_HEADER = YES;
				CLANG_WARN_RANGE_LOOP_ANALYSIS = YES;
				CLANG_WARN_STRICT_PROTOTYPES = YES;
				CLANG_WARN_SUSPICIOUS_MOVE = YES;
				CLANG_WARN_UNGUARDED_AVAILABILITY = YES_AGGRESSIVE;
				CLANG_WARN_UNREACHABLE_CODE = YES;
				CLANG_WARN__DUPLICATE_METHOD_MATCH = YES;
				COPY_PHASE_STRIP = NO;
				DEBUG_INFORMATION_FORMAT = dwarf;
				ENABLE_STRICT_OBJC_MSGSEND = YES;
				ENABLE_TESTABILITY = YES;
				GCC_C_LANGUAGE_STANDARD = gnu11;
				GCC_DYNAMIC_NO_PIC = NO;
				GCC_NO_COMMON_BLOCKS = YES;
				GCC_OPTIMIZATION_LEVEL = 0;
				GCC_PREPROCESSOR_DEFINITIONS = (
					"DEBUG=1",
					"$(inherited)",
				);
				GCC_WARN_64_TO_32_BIT_CONVERSION = YES;
				GCC_WARN_ABOUT_RETURN_TYPE = YES_ERROR;
				GCC_WARN_UNDECLARED_SELECTOR = YES;
				GCC_WARN_UNINITIALIZED_AUTOS = YES_AGGRESSIVE;
				GCC_WARN_UNUSED_FUNCTION = YES;
				GCC_WARN_UNUSED_VARIABLE = YES;
				MACOSX_DEPLOYMENT_TARGET = 12.3;
				MTL_ENABLE_DEBUG_INFO = INCLUDE_SOURCE;
				MTL_FAST_MATH = YES;
				ONLY_ACTIVE_ARCH = YES;
				SDKROOT = macosx;
				SWIFT_ACTIVE_COMPILATION_CONDITIONS = DEBUG;
				SWIFT_OPTIMIZATION_LEVEL = "-Onone";
				SWIFT_VERSION = 5.0;
			};
			name = Debug;
		};
		26C35B8627FA89E900BD4B2B /* Release */ = {
			isa = XCBuildConfiguration;
			baseConfigurationReference = 26F686DB28232BFA0010D28A /* Config.xcconfig */;
			buildSettings = {
				ALWAYS_SEARCH_USER_PATHS = NO;
				CLANG_ANALYZER_NONNULL = YES;
				CLANG_ANALYZER_NUMBER_OBJECT_CONVERSION = YES_AGGRESSIVE;
				CLANG_CXX_LANGUAGE_STANDARD = "gnu++17";
				CLANG_ENABLE_MODULES = YES;
				CLANG_ENABLE_OBJC_ARC = YES;
				CLANG_ENABLE_OBJC_WEAK = YES;
				CLANG_WARN_BLOCK_CAPTURE_AUTORELEASING = YES;
				CLANG_WARN_BOOL_CONVERSION = YES;
				CLANG_WARN_COMMA = YES;
				CLANG_WARN_CONSTANT_CONVERSION = YES;
				CLANG_WARN_DEPRECATED_OBJC_IMPLEMENTATIONS = YES;
				CLANG_WARN_DIRECT_OBJC_ISA_USAGE = YES_ERROR;
				CLANG_WARN_DOCUMENTATION_COMMENTS = YES;
				CLANG_WARN_EMPTY_BODY = YES;
				CLANG_WARN_ENUM_CONVERSION = YES;
				CLANG_WARN_INFINITE_RECURSION = YES;
				CLANG_WARN_INT_CONVERSION = YES;
				CLANG_WARN_NON_LITERAL_NULL_CONVERSION = YES;
				CLANG_WARN_OBJC_IMPLICIT_RETAIN_SELF = YES;
				CLANG_WARN_OBJC_LITERAL_CONVERSION = YES;
				CLANG_WARN_OBJC_ROOT_CLASS = YES_ERROR;
				CLANG_WARN_QUOTED_INCLUDE_IN_FRAMEWORK_HEADER = YES;
				CLANG_WARN_RANGE_LOOP_ANALYSIS = YES;
				CLANG_WARN_STRICT_PROTOTYPES = YES;
				CLANG_WARN_SUSPICIOUS_MOVE = YES;
				CLANG_WARN_UNGUARDED_AVAILABILITY = YES_AGGRESSIVE;
				CLANG_WARN_UNREACHABLE_CODE = YES;
				CLANG_WARN__DUPLICATE_METHOD_MATCH = YES;
				COPY_PHASE_STRIP = NO;
				DEBUG_INFORMATION_FORMAT = "dwarf-with-dsym";
				ENABLE_NS_ASSERTIONS = NO;
				ENABLE_STRICT_OBJC_MSGSEND = YES;
				GCC_C_LANGUAGE_STANDARD = gnu11;
				GCC_NO_COMMON_BLOCKS = YES;
				GCC_WARN_64_TO_32_BIT_CONVERSION = YES;
				GCC_WARN_ABOUT_RETURN_TYPE = YES_ERROR;
				GCC_WARN_UNDECLARED_SELECTOR = YES;
				GCC_WARN_UNINITIALIZED_AUTOS = YES_AGGRESSIVE;
				GCC_WARN_UNUSED_FUNCTION = YES;
				GCC_WARN_UNUSED_VARIABLE = YES;
				MACOSX_DEPLOYMENT_TARGET = 12.3;
				MTL_ENABLE_DEBUG_INFO = NO;
				MTL_FAST_MATH = YES;
				SDKROOT = macosx;
				SWIFT_COMPILATION_MODE = wholemodule;
				SWIFT_OPTIMIZATION_LEVEL = "-O";
				SWIFT_VERSION = 5.0;
			};
			name = Release;
		};
		26C35B8827FA89E900BD4B2B /* Debug */ = {
			isa = XCBuildConfiguration;
			baseConfigurationReference = 26F6871028232F700010D28A /* AppConfig.xcconfig */;
			buildSettings = {
				ASSETCATALOG_COMPILER_APPICON_NAME = AppIcon;
				ASSETCATALOG_COMPILER_GLOBAL_ACCENT_COLOR_NAME = AccentColor;
				CODE_SIGN_ENTITLEMENTS = "";
				CODE_SIGN_IDENTITY = "Apple Development";
				CODE_SIGN_STYLE = Manual;
				COMBINE_HIDPI_IMAGES = YES;
				CURRENT_PROJECT_VERSION = 1.0.0;
				DEVELOPMENT_TEAM = 5RD23JCCKU;
				ENABLE_HARDENED_RUNTIME = YES;
				GENERATE_INFOPLIST_FILE = YES;
				INFOPLIST_FILE = Maple/Info.plist;
				INFOPLIST_KEY_NSHumanReadableCopyright = "";
				INFOPLIST_KEY_NSMainStoryboardFile = Main;
				INFOPLIST_KEY_NSPrincipalClass = NSApplication;
				LD_RUNPATH_SEARCH_PATHS = (
					"$(inherited)",
					"@executable_path/../Frameworks",
				);
				PRODUCT_BUNDLE_IDENTIFIER = dev.halz.Maple;
				PRODUCT_NAME = "$(TARGET_NAME)";
				PROVISIONING_PROFILE_SPECIFIER = "";
				SWIFT_EMIT_LOC_STRINGS = YES;
				SWIFT_VERSION = 5.0;
			};
			name = Debug;
		};
		26C35B8927FA89E900BD4B2B /* Release */ = {
			isa = XCBuildConfiguration;
			baseConfigurationReference = 26F6871028232F700010D28A /* AppConfig.xcconfig */;
			buildSettings = {
				ASSETCATALOG_COMPILER_APPICON_NAME = AppIcon;
				ASSETCATALOG_COMPILER_GLOBAL_ACCENT_COLOR_NAME = AccentColor;
				CODE_SIGN_ENTITLEMENTS = "";
				CODE_SIGN_STYLE = Automatic;
				COMBINE_HIDPI_IMAGES = YES;
				CURRENT_PROJECT_VERSION = 1.0.0;
				DEVELOPMENT_TEAM = 5RD23JCCKU;
				ENABLE_HARDENED_RUNTIME = YES;
				GENERATE_INFOPLIST_FILE = YES;
				INFOPLIST_FILE = Maple/Info.plist;
				INFOPLIST_KEY_NSHumanReadableCopyright = "";
				INFOPLIST_KEY_NSMainStoryboardFile = Main;
				INFOPLIST_KEY_NSPrincipalClass = NSApplication;
				LD_RUNPATH_SEARCH_PATHS = (
					"$(inherited)",
					"@executable_path/../Frameworks",
				);
				PRODUCT_BUNDLE_IDENTIFIER = dev.halz.Maple;
				PRODUCT_NAME = "$(TARGET_NAME)";
				SWIFT_EMIT_LOC_STRINGS = YES;
				SWIFT_VERSION = 5.0;
			};
			name = Release;
		};
		26F686F428232CCC0010D28A /* Debug */ = {
			isa = XCBuildConfiguration;
			baseConfigurationReference = 26F6870328232DAE0010D28A /* HelperToolConfig.xcconfig */;
			buildSettings = {
				CODE_SIGN_STYLE = Manual;
				DEVELOPMENT_TEAM = 5RD23JCCKU;
				ENABLE_HARDENED_RUNTIME = YES;
				PRODUCT_NAME = "$(TARGET_NAME)";
				PROVISIONING_PROFILE_SPECIFIER = "";
				SWIFT_VERSION = 5.0;
			};
			name = Debug;
		};
		26F686F528232CCC0010D28A /* Release */ = {
			isa = XCBuildConfiguration;
			baseConfigurationReference = 26F6870328232DAE0010D28A /* HelperToolConfig.xcconfig */;
			buildSettings = {
				CODE_SIGN_STYLE = Automatic;
				DEVELOPMENT_TEAM = 5RD23JCCKU;
				ENABLE_HARDENED_RUNTIME = YES;
				PRODUCT_NAME = "$(TARGET_NAME)";
				SWIFT_VERSION = 5.0;
			};
			name = Release;
		};
/* End XCBuildConfiguration section */

/* Begin XCConfigurationList section */
		26C35B7327FA89E800BD4B2B /* Build configuration list for PBXProject "Maple" */ = {
			isa = XCConfigurationList;
			buildConfigurations = (
				26C35B8527FA89E900BD4B2B /* Debug */,
				26C35B8627FA89E900BD4B2B /* Release */,
			);
			defaultConfigurationIsVisible = 0;
			defaultConfigurationName = Release;
		};
		26C35B8727FA89E900BD4B2B /* Build configuration list for PBXNativeTarget "Maple" */ = {
			isa = XCConfigurationList;
			buildConfigurations = (
				26C35B8827FA89E900BD4B2B /* Debug */,
				26C35B8927FA89E900BD4B2B /* Release */,
			);
			defaultConfigurationIsVisible = 0;
			defaultConfigurationName = Release;
		};
		26F686F328232CCC0010D28A /* Build configuration list for PBXNativeTarget "helper" */ = {
			isa = XCConfigurationList;
			buildConfigurations = (
				26F686F428232CCC0010D28A /* Debug */,
				26F686F528232CCC0010D28A /* Release */,
			);
			defaultConfigurationIsVisible = 0;
			defaultConfigurationName = Release;
		};
/* End XCConfigurationList section */

/* Begin XCRemoteSwiftPackageReference section */
		261265742858E74400C138DF /* XCRemoteSwiftPackageReference "Blessed" */ = {
			isa = XCRemoteSwiftPackageReference;
			repositoryURL = "https://github.com/trilemma-dev/Blessed";
			requirement = {
				branch = main;
				kind = branch;
			};
		};
		261265772858E75600C138DF /* XCRemoteSwiftPackageReference "SecureXPC" */ = {
			isa = XCRemoteSwiftPackageReference;
			repositoryURL = "https://github.com/trilemma-dev/SecureXPC";
			requirement = {
				branch = main;
				kind = branch;
			};
		};
		2612657A2858E76600C138DF /* XCRemoteSwiftPackageReference "EmbeddedPropertyList" */ = {
			isa = XCRemoteSwiftPackageReference;
			repositoryURL = "https://github.com/trilemma-dev/EmbeddedPropertyList";
			requirement = {
				branch = main;
				kind = branch;
			};
		};
		2612657D2858E77500C138DF /* XCRemoteSwiftPackageReference "Zip" */ = {
			isa = XCRemoteSwiftPackageReference;
			repositoryURL = "https://github.com/marmelroy/Zip";
			requirement = {
				branch = master;
				kind = branch;
			};
		};
/* End XCRemoteSwiftPackageReference section */

/* Begin XCSwiftPackageProductDependency section */
		261265752858E74400C138DF /* Blessed */ = {
			isa = XCSwiftPackageProductDependency;
			package = 261265742858E74400C138DF /* XCRemoteSwiftPackageReference "Blessed" */;
			productName = Blessed;
		};
		261265782858E75600C138DF /* SecureXPC */ = {
			isa = XCSwiftPackageProductDependency;
			package = 261265772858E75600C138DF /* XCRemoteSwiftPackageReference "SecureXPC" */;
			productName = SecureXPC;
		};
		2612657B2858E76600C138DF /* EmbeddedPropertyList */ = {
			isa = XCSwiftPackageProductDependency;
			package = 2612657A2858E76600C138DF /* XCRemoteSwiftPackageReference "EmbeddedPropertyList" */;
			productName = EmbeddedPropertyList;
		};
		2612657E2858E77500C138DF /* Zip */ = {
			isa = XCSwiftPackageProductDependency;
			package = 2612657D2858E77500C138DF /* XCRemoteSwiftPackageReference "Zip" */;
			productName = Zip;
		};
		261713E12858B54600105916 /* MaplePreferences */ = {
			isa = XCSwiftPackageProductDependency;
			productName = MaplePreferences;
		};
/* End XCSwiftPackageProductDependency section */
	};
	rootObject = 26C35B7027FA89E800BD4B2B /* Project object */;
}
