// !$*UTF8*$!
{
	archiveVersion = 1;
	classes = {
	};
	objectVersion = 55;
	objects = {

/* Begin PBXBuildFile section */
		268047682807637900FD60D2 /* Zip in Frameworks */ = {isa = PBXBuildFile; productRef = 268047672807637900FD60D2 /* Zip */; };
		26C35B7C27FA89E800BD4B2B /* AppDelegate.swift in Sources */ = {isa = PBXBuildFile; fileRef = 26C35B7B27FA89E800BD4B2B /* AppDelegate.swift */; };
		26C35B7E27FA89E800BD4B2B /* ViewController.swift in Sources */ = {isa = PBXBuildFile; fileRef = 26C35B7D27FA89E800BD4B2B /* ViewController.swift */; };
		26C35B8027FA89E900BD4B2B /* Assets.xcassets in Resources */ = {isa = PBXBuildFile; fileRef = 26C35B7F27FA89E900BD4B2B /* Assets.xcassets */; };
		26C35B8327FA89E900BD4B2B /* Main.storyboard in Resources */ = {isa = PBXBuildFile; fileRef = 26C35B8127FA89E900BD4B2B /* Main.storyboard */; };
		26C35BA727FA8A1F00BD4B2B /* InstallStartView.swift in Sources */ = {isa = PBXBuildFile; fileRef = 26C35B8E27FA8A1F00BD4B2B /* InstallStartView.swift */; };
		26C35BA827FA8A1F00BD4B2B /* InstallWelcomeView.swift in Sources */ = {isa = PBXBuildFile; fileRef = 26C35B8F27FA8A1F00BD4B2B /* InstallWelcomeView.swift */; };
		26C35BA927FA8A1F00BD4B2B /* InstallVerifyView.swift in Sources */ = {isa = PBXBuildFile; fileRef = 26C35B9027FA8A1F00BD4B2B /* InstallVerifyView.swift */; };
		26C35BAA27FA8A1F00BD4B2B /* InstallSelectView.swift in Sources */ = {isa = PBXBuildFile; fileRef = 26C35B9127FA8A1F00BD4B2B /* InstallSelectView.swift */; };
		26C35BAB27FA8A1F00BD4B2B /* InstallerView.swift in Sources */ = {isa = PBXBuildFile; fileRef = 26C35B9227FA8A1F00BD4B2B /* InstallerView.swift */; };
		26C35BB927FA8A2000BD4B2B /* LeafCell.swift in Sources */ = {isa = PBXBuildFile; fileRef = 26C35BA227FA8A1F00BD4B2B /* LeafCell.swift */; };
		26C35BBA27FA8A2000BD4B2B /* HomeScreen.swift in Sources */ = {isa = PBXBuildFile; fileRef = 26C35BA327FA8A1F00BD4B2B /* HomeScreen.swift */; };
		26C35BBB27FA8A2000BD4B2B /* StatusBarController.swift in Sources */ = {isa = PBXBuildFile; fileRef = 26C35BA527FA8A1F00BD4B2B /* StatusBarController.swift */; };
		26C35BBC27FA8A2000BD4B2B /* EventMonitor.swift in Sources */ = {isa = PBXBuildFile; fileRef = 26C35BA627FA8A1F00BD4B2B /* EventMonitor.swift */; };
		26C35BC127FA8A7700BD4B2B /* Leaf.swift in Sources */ = {isa = PBXBuildFile; fileRef = 26C35BBE27FA8A7700BD4B2B /* Leaf.swift */; };
		26C35BC227FA8A7700BD4B2B /* MapleController.swift in Sources */ = {isa = PBXBuildFile; fileRef = 26C35BC027FA8A7700BD4B2B /* MapleController.swift */; };
		26C35BC427FB734900BD4B2B /* MapleButton.swift in Sources */ = {isa = PBXBuildFile; fileRef = 26C35BC327FB734900BD4B2B /* MapleButton.swift */; };
/* End PBXBuildFile section */

/* Begin PBXFileReference section */
		266AF4A22803ABDF0090447B /* Info.plist */ = {isa = PBXFileReference; lastKnownFileType = text.plist; path = Info.plist; sourceTree = "<group>"; };
		26C35B7827FA89E800BD4B2B /* Maple.app */ = {isa = PBXFileReference; explicitFileType = wrapper.application; includeInIndex = 0; path = Maple.app; sourceTree = BUILT_PRODUCTS_DIR; };
		26C35B7B27FA89E800BD4B2B /* AppDelegate.swift */ = {isa = PBXFileReference; lastKnownFileType = sourcecode.swift; path = AppDelegate.swift; sourceTree = "<group>"; };
		26C35B7D27FA89E800BD4B2B /* ViewController.swift */ = {isa = PBXFileReference; lastKnownFileType = sourcecode.swift; path = ViewController.swift; sourceTree = "<group>"; };
		26C35B7F27FA89E900BD4B2B /* Assets.xcassets */ = {isa = PBXFileReference; lastKnownFileType = folder.assetcatalog; path = Assets.xcassets; sourceTree = "<group>"; };
		26C35B8227FA89E900BD4B2B /* Base */ = {isa = PBXFileReference; lastKnownFileType = file.storyboard; name = Base; path = Base.lproj/Main.storyboard; sourceTree = "<group>"; };
		26C35B8427FA89E900BD4B2B /* Maple.entitlements */ = {isa = PBXFileReference; lastKnownFileType = text.plist.entitlements; path = Maple.entitlements; sourceTree = "<group>"; };
		26C35B8E27FA8A1F00BD4B2B /* InstallStartView.swift */ = {isa = PBXFileReference; fileEncoding = 4; lastKnownFileType = sourcecode.swift; path = InstallStartView.swift; sourceTree = "<group>"; };
		26C35B8F27FA8A1F00BD4B2B /* InstallWelcomeView.swift */ = {isa = PBXFileReference; fileEncoding = 4; lastKnownFileType = sourcecode.swift; path = InstallWelcomeView.swift; sourceTree = "<group>"; };
		26C35B9027FA8A1F00BD4B2B /* InstallVerifyView.swift */ = {isa = PBXFileReference; fileEncoding = 4; lastKnownFileType = sourcecode.swift; path = InstallVerifyView.swift; sourceTree = "<group>"; };
		26C35B9127FA8A1F00BD4B2B /* InstallSelectView.swift */ = {isa = PBXFileReference; fileEncoding = 4; lastKnownFileType = sourcecode.swift; path = InstallSelectView.swift; sourceTree = "<group>"; };
		26C35B9227FA8A1F00BD4B2B /* InstallerView.swift */ = {isa = PBXFileReference; fileEncoding = 4; lastKnownFileType = sourcecode.swift; path = InstallerView.swift; sourceTree = "<group>"; };
		26C35BA227FA8A1F00BD4B2B /* LeafCell.swift */ = {isa = PBXFileReference; fileEncoding = 4; lastKnownFileType = sourcecode.swift; path = LeafCell.swift; sourceTree = "<group>"; };
		26C35BA327FA8A1F00BD4B2B /* HomeScreen.swift */ = {isa = PBXFileReference; fileEncoding = 4; lastKnownFileType = sourcecode.swift; path = HomeScreen.swift; sourceTree = "<group>"; };
		26C35BA527FA8A1F00BD4B2B /* StatusBarController.swift */ = {isa = PBXFileReference; fileEncoding = 4; lastKnownFileType = sourcecode.swift; path = StatusBarController.swift; sourceTree = "<group>"; };
		26C35BA627FA8A1F00BD4B2B /* EventMonitor.swift */ = {isa = PBXFileReference; fileEncoding = 4; lastKnownFileType = sourcecode.swift; path = EventMonitor.swift; sourceTree = "<group>"; };
		26C35BBE27FA8A7700BD4B2B /* Leaf.swift */ = {isa = PBXFileReference; fileEncoding = 4; lastKnownFileType = sourcecode.swift; path = Leaf.swift; sourceTree = "<group>"; };
		26C35BC027FA8A7700BD4B2B /* MapleController.swift */ = {isa = PBXFileReference; fileEncoding = 4; lastKnownFileType = sourcecode.swift; path = MapleController.swift; sourceTree = "<group>"; };
		26C35BC327FB734900BD4B2B /* MapleButton.swift */ = {isa = PBXFileReference; lastKnownFileType = sourcecode.swift; path = MapleButton.swift; sourceTree = "<group>"; };
/* End PBXFileReference section */

/* Begin PBXFrameworksBuildPhase section */
		26C35B7527FA89E800BD4B2B /* Frameworks */ = {
			isa = PBXFrameworksBuildPhase;
			buildActionMask = 2147483647;
			files = (
				268047682807637900FD60D2 /* Zip in Frameworks */,
			);
			runOnlyForDeploymentPostprocessing = 0;
		};
/* End PBXFrameworksBuildPhase section */

/* Begin PBXGroup section */
		26C35B6F27FA89E800BD4B2B = {
			isa = PBXGroup;
			children = (
				26C35B7A27FA89E800BD4B2B /* Maple */,
				26C35B7927FA89E800BD4B2B /* Products */,
			);
			sourceTree = "<group>";
		};
		26C35B7927FA89E800BD4B2B /* Products */ = {
			isa = PBXGroup;
			children = (
				26C35B7827FA89E800BD4B2B /* Maple.app */,
			);
			name = Products;
			sourceTree = "<group>";
		};
		26C35B7A27FA89E800BD4B2B /* Maple */ = {
			isa = PBXGroup;
			children = (
				266AF4A22803ABDF0090447B /* Info.plist */,
				26C35B8427FA89E900BD4B2B /* Maple.entitlements */,
				26C35B7B27FA89E800BD4B2B /* AppDelegate.swift */,
				26C35B8B27FA8A0400BD4B2B /* UI */,
				26C35BBF27FA8A7700BD4B2B /* Controller */,
				26C35BBD27FA8A7700BD4B2B /* Modal */,
			);
			path = Maple;
			sourceTree = "<group>";
		};
		26C35B8A27FA89FD00BD4B2B /* Autogen */ = {
			isa = PBXGroup;
			children = (
				26C35B7F27FA89E900BD4B2B /* Assets.xcassets */,
				26C35B8127FA89E900BD4B2B /* Main.storyboard */,
			);
			path = Autogen;
			sourceTree = "<group>";
		};
		26C35B8B27FA8A0400BD4B2B /* UI */ = {
			isa = PBXGroup;
			children = (
				26C35B7D27FA89E800BD4B2B /* ViewController.swift */,
				26C35B8A27FA89FD00BD4B2B /* Autogen */,
				26C35BA427FA8A1F00BD4B2B /* StatusBarTools */,
				26C35BA127FA8A1F00BD4B2B /* BarApp */,
				26C35B8C27FA8A1F00BD4B2B /* Install */,
				26C35BC527FB734D00BD4B2B /* Essentials */,
			);
			path = UI;
			sourceTree = "<group>";
		};
		26C35B8C27FA8A1F00BD4B2B /* Install */ = {
			isa = PBXGroup;
			children = (
				26C35B9227FA8A1F00BD4B2B /* InstallerView.swift */,
				26C35B8D27FA8A1F00BD4B2B /* StepViews */,
			);
			path = Install;
			sourceTree = "<group>";
		};
		26C35B8D27FA8A1F00BD4B2B /* StepViews */ = {
			isa = PBXGroup;
			children = (
				26C35B8F27FA8A1F00BD4B2B /* InstallWelcomeView.swift */,
				26C35B9127FA8A1F00BD4B2B /* InstallSelectView.swift */,
				26C35B9027FA8A1F00BD4B2B /* InstallVerifyView.swift */,
				26C35B8E27FA8A1F00BD4B2B /* InstallStartView.swift */,
			);
			path = StepViews;
			sourceTree = "<group>";
		};
		26C35BA127FA8A1F00BD4B2B /* BarApp */ = {
			isa = PBXGroup;
			children = (
				26C35BA227FA8A1F00BD4B2B /* LeafCell.swift */,
				26C35BA327FA8A1F00BD4B2B /* HomeScreen.swift */,
			);
			path = BarApp;
			sourceTree = "<group>";
		};
		26C35BA427FA8A1F00BD4B2B /* StatusBarTools */ = {
			isa = PBXGroup;
			children = (
				26C35BA527FA8A1F00BD4B2B /* StatusBarController.swift */,
				26C35BA627FA8A1F00BD4B2B /* EventMonitor.swift */,
			);
			path = StatusBarTools;
			sourceTree = "<group>";
		};
		26C35BBD27FA8A7700BD4B2B /* Modal */ = {
			isa = PBXGroup;
			children = (
				26C35BBE27FA8A7700BD4B2B /* Leaf.swift */,
			);
			path = Modal;
			sourceTree = "<group>";
		};
		26C35BBF27FA8A7700BD4B2B /* Controller */ = {
			isa = PBXGroup;
			children = (
				26C35BC027FA8A7700BD4B2B /* MapleController.swift */,
			);
			path = Controller;
			sourceTree = "<group>";
		};
		26C35BC527FB734D00BD4B2B /* Essentials */ = {
			isa = PBXGroup;
			children = (
				26C35BC327FB734900BD4B2B /* MapleButton.swift */,
			);
			path = Essentials;
			sourceTree = "<group>";
		};
/* End PBXGroup section */

/* Begin PBXNativeTarget section */
		26C35B7727FA89E800BD4B2B /* Maple */ = {
			isa = PBXNativeTarget;
			buildConfigurationList = 26C35B8727FA89E900BD4B2B /* Build configuration list for PBXNativeTarget "Maple" */;
			buildPhases = (
				26C35B7427FA89E800BD4B2B /* Sources */,
				26C35B7527FA89E800BD4B2B /* Frameworks */,
				26C35B7627FA89E800BD4B2B /* Resources */,
			);
			buildRules = (
			);
			dependencies = (
			);
			name = Maple;
			packageProductDependencies = (
				268047672807637900FD60D2 /* Zip */,
			);
			productName = Maple;
			productReference = 26C35B7827FA89E800BD4B2B /* Maple.app */;
			productType = "com.apple.product-type.application";
		};
/* End PBXNativeTarget section */

/* Begin PBXProject section */
		26C35B7027FA89E800BD4B2B /* Project object */ = {
			isa = PBXProject;
			attributes = {
				BuildIndependentTargetsInParallel = 1;
				LastSwiftUpdateCheck = 1330;
				LastUpgradeCheck = 1330;
				TargetAttributes = {
					26C35B7727FA89E800BD4B2B = {
						CreatedOnToolsVersion = 13.3;
					};
				};
			};
			buildConfigurationList = 26C35B7327FA89E800BD4B2B /* Build configuration list for PBXProject "Maple" */;
			compatibilityVersion = "Xcode 13.0";
			developmentRegion = en;
			hasScannedForEncodings = 0;
			knownRegions = (
				en,
				Base,
			);
			mainGroup = 26C35B6F27FA89E800BD4B2B;
			packageReferences = (
				268047662807637900FD60D2 /* XCRemoteSwiftPackageReference "Zip" */,
			);
			productRefGroup = 26C35B7927FA89E800BD4B2B /* Products */;
			projectDirPath = "";
			projectRoot = "";
			targets = (
				26C35B7727FA89E800BD4B2B /* Maple */,
			);
		};
/* End PBXProject section */

/* Begin PBXResourcesBuildPhase section */
		26C35B7627FA89E800BD4B2B /* Resources */ = {
			isa = PBXResourcesBuildPhase;
			buildActionMask = 2147483647;
			files = (
				26C35B8027FA89E900BD4B2B /* Assets.xcassets in Resources */,
				26C35B8327FA89E900BD4B2B /* Main.storyboard in Resources */,
			);
			runOnlyForDeploymentPostprocessing = 0;
		};
/* End PBXResourcesBuildPhase section */

/* Begin PBXSourcesBuildPhase section */
		26C35B7427FA89E800BD4B2B /* Sources */ = {
			isa = PBXSourcesBuildPhase;
			buildActionMask = 2147483647;
			files = (
				26C35BA727FA8A1F00BD4B2B /* InstallStartView.swift in Sources */,
				26C35BAB27FA8A1F00BD4B2B /* InstallerView.swift in Sources */,
				26C35BBA27FA8A2000BD4B2B /* HomeScreen.swift in Sources */,
				26C35BA927FA8A1F00BD4B2B /* InstallVerifyView.swift in Sources */,
				26C35BA827FA8A1F00BD4B2B /* InstallWelcomeView.swift in Sources */,
				26C35BC427FB734900BD4B2B /* MapleButton.swift in Sources */,
				26C35BC227FA8A7700BD4B2B /* MapleController.swift in Sources */,
				26C35BBB27FA8A2000BD4B2B /* StatusBarController.swift in Sources */,
				26C35BB927FA8A2000BD4B2B /* LeafCell.swift in Sources */,
				26C35BBC27FA8A2000BD4B2B /* EventMonitor.swift in Sources */,
				26C35B7E27FA89E800BD4B2B /* ViewController.swift in Sources */,
				26C35BC127FA8A7700BD4B2B /* Leaf.swift in Sources */,
				26C35BAA27FA8A1F00BD4B2B /* InstallSelectView.swift in Sources */,
				26C35B7C27FA89E800BD4B2B /* AppDelegate.swift in Sources */,
			);
			runOnlyForDeploymentPostprocessing = 0;
		};
/* End PBXSourcesBuildPhase section */

/* Begin PBXVariantGroup section */
		26C35B8127FA89E900BD4B2B /* Main.storyboard */ = {
			isa = PBXVariantGroup;
			children = (
				26C35B8227FA89E900BD4B2B /* Base */,
			);
			name = Main.storyboard;
			sourceTree = "<group>";
		};
/* End PBXVariantGroup section */

/* Begin XCBuildConfiguration section */
		26C35B8527FA89E900BD4B2B /* Debug */ = {
			isa = XCBuildConfiguration;
			buildSettings = {
				ALWAYS_SEARCH_USER_PATHS = NO;
				CLANG_ANALYZER_NONNULL = YES;
				CLANG_ANALYZER_NUMBER_OBJECT_CONVERSION = YES_AGGRESSIVE;
				CLANG_CXX_LANGUAGE_STANDARD = "gnu++17";
				CLANG_ENABLE_MODULES = YES;
				CLANG_ENABLE_OBJC_ARC = YES;
				CLANG_ENABLE_OBJC_WEAK = YES;
				CLANG_WARN_BLOCK_CAPTURE_AUTORELEASING = YES;
				CLANG_WARN_BOOL_CONVERSION = YES;
				CLANG_WARN_COMMA = YES;
				CLANG_WARN_CONSTANT_CONVERSION = YES;
				CLANG_WARN_DEPRECATED_OBJC_IMPLEMENTATIONS = YES;
				CLANG_WARN_DIRECT_OBJC_ISA_USAGE = YES_ERROR;
				CLANG_WARN_DOCUMENTATION_COMMENTS = YES;
				CLANG_WARN_EMPTY_BODY = YES;
				CLANG_WARN_ENUM_CONVERSION = YES;
				CLANG_WARN_INFINITE_RECURSION = YES;
				CLANG_WARN_INT_CONVERSION = YES;
				CLANG_WARN_NON_LITERAL_NULL_CONVERSION = YES;
				CLANG_WARN_OBJC_IMPLICIT_RETAIN_SELF = YES;
				CLANG_WARN_OBJC_LITERAL_CONVERSION = YES;
				CLANG_WARN_OBJC_ROOT_CLASS = YES_ERROR;
				CLANG_WARN_QUOTED_INCLUDE_IN_FRAMEWORK_HEADER = YES;
				CLANG_WARN_RANGE_LOOP_ANALYSIS = YES;
				CLANG_WARN_STRICT_PROTOTYPES = YES;
				CLANG_WARN_SUSPICIOUS_MOVE = YES;
				CLANG_WARN_UNGUARDED_AVAILABILITY = YES_AGGRESSIVE;
				CLANG_WARN_UNREACHABLE_CODE = YES;
				CLANG_WARN__DUPLICATE_METHOD_MATCH = YES;
				COPY_PHASE_STRIP = NO;
				DEBUG_INFORMATION_FORMAT = dwarf;
				ENABLE_STRICT_OBJC_MSGSEND = YES;
				ENABLE_TESTABILITY = YES;
				GCC_C_LANGUAGE_STANDARD = gnu11;
				GCC_DYNAMIC_NO_PIC = NO;
				GCC_NO_COMMON_BLOCKS = YES;
				GCC_OPTIMIZATION_LEVEL = 0;
				GCC_PREPROCESSOR_DEFINITIONS = (
					"DEBUG=1",
					"$(inherited)",
				);
				GCC_WARN_64_TO_32_BIT_CONVERSION = YES;
				GCC_WARN_ABOUT_RETURN_TYPE = YES_ERROR;
				GCC_WARN_UNDECLARED_SELECTOR = YES;
				GCC_WARN_UNINITIALIZED_AUTOS = YES_AGGRESSIVE;
				GCC_WARN_UNUSED_FUNCTION = YES;
				GCC_WARN_UNUSED_VARIABLE = YES;
				MACOSX_DEPLOYMENT_TARGET = 12.3;
				MTL_ENABLE_DEBUG_INFO = INCLUDE_SOURCE;
				MTL_FAST_MATH = YES;
				ONLY_ACTIVE_ARCH = YES;
				SDKROOT = macosx;
				SWIFT_ACTIVE_COMPILATION_CONDITIONS = DEBUG;
				SWIFT_OPTIMIZATION_LEVEL = "-Onone";
			};
			name = Debug;
		};
		26C35B8627FA89E900BD4B2B /* Release */ = {
			isa = XCBuildConfiguration;
			buildSettings = {
				ALWAYS_SEARCH_USER_PATHS = NO;
				CLANG_ANALYZER_NONNULL = YES;
				CLANG_ANALYZER_NUMBER_OBJECT_CONVERSION = YES_AGGRESSIVE;
				CLANG_CXX_LANGUAGE_STANDARD = "gnu++17";
				CLANG_ENABLE_MODULES = YES;
				CLANG_ENABLE_OBJC_ARC = YES;
				CLANG_ENABLE_OBJC_WEAK = YES;
				CLANG_WARN_BLOCK_CAPTURE_AUTORELEASING = YES;
				CLANG_WARN_BOOL_CONVERSION = YES;
				CLANG_WARN_COMMA = YES;
				CLANG_WARN_CONSTANT_CONVERSION = YES;
				CLANG_WARN_DEPRECATED_OBJC_IMPLEMENTATIONS = YES;
				CLANG_WARN_DIRECT_OBJC_ISA_USAGE = YES_ERROR;
				CLANG_WARN_DOCUMENTATION_COMMENTS = YES;
				CLANG_WARN_EMPTY_BODY = YES;
				CLANG_WARN_ENUM_CONVERSION = YES;
				CLANG_WARN_INFINITE_RECURSION = YES;
				CLANG_WARN_INT_CONVERSION = YES;
				CLANG_WARN_NON_LITERAL_NULL_CONVERSION = YES;
				CLANG_WARN_OBJC_IMPLICIT_RETAIN_SELF = YES;
				CLANG_WARN_OBJC_LITERAL_CONVERSION = YES;
				CLANG_WARN_OBJC_ROOT_CLASS = YES_ERROR;
				CLANG_WARN_QUOTED_INCLUDE_IN_FRAMEWORK_HEADER = YES;
				CLANG_WARN_RANGE_LOOP_ANALYSIS = YES;
				CLANG_WARN_STRICT_PROTOTYPES = YES;
				CLANG_WARN_SUSPICIOUS_MOVE = YES;
				CLANG_WARN_UNGUARDED_AVAILABILITY = YES_AGGRESSIVE;
				CLANG_WARN_UNREACHABLE_CODE = YES;
				CLANG_WARN__DUPLICATE_METHOD_MATCH = YES;
				COPY_PHASE_STRIP = NO;
				DEBUG_INFORMATION_FORMAT = "dwarf-with-dsym";
				ENABLE_NS_ASSERTIONS = NO;
				ENABLE_STRICT_OBJC_MSGSEND = YES;
				GCC_C_LANGUAGE_STANDARD = gnu11;
				GCC_NO_COMMON_BLOCKS = YES;
				GCC_WARN_64_TO_32_BIT_CONVERSION = YES;
				GCC_WARN_ABOUT_RETURN_TYPE = YES_ERROR;
				GCC_WARN_UNDECLARED_SELECTOR = YES;
				GCC_WARN_UNINITIALIZED_AUTOS = YES_AGGRESSIVE;
				GCC_WARN_UNUSED_FUNCTION = YES;
				GCC_WARN_UNUSED_VARIABLE = YES;
				MACOSX_DEPLOYMENT_TARGET = 12.3;
				MTL_ENABLE_DEBUG_INFO = NO;
				MTL_FAST_MATH = YES;
				SDKROOT = macosx;
				SWIFT_COMPILATION_MODE = wholemodule;
				SWIFT_OPTIMIZATION_LEVEL = "-O";
			};
			name = Release;
		};
		26C35B8827FA89E900BD4B2B /* Debug */ = {
			isa = XCBuildConfiguration;
			buildSettings = {
				ASSETCATALOG_COMPILER_APPICON_NAME = AppIcon;
				ASSETCATALOG_COMPILER_GLOBAL_ACCENT_COLOR_NAME = AccentColor;
				CODE_SIGN_ENTITLEMENTS = Maple/Maple.entitlements;
				CODE_SIGN_STYLE = Automatic;
				COMBINE_HIDPI_IMAGES = YES;
				CURRENT_PROJECT_VERSION = 1;
				DEVELOPMENT_TEAM = 5RD23JCCKU;
				ENABLE_HARDENED_RUNTIME = YES;
				GENERATE_INFOPLIST_FILE = YES;
				INFOPLIST_FILE = Maple/Info.plist;
				INFOPLIST_KEY_NSHumanReadableCopyright = "";
				INFOPLIST_KEY_NSMainStoryboardFile = Main;
				INFOPLIST_KEY_NSPrincipalClass = NSApplication;
				LD_RUNPATH_SEARCH_PATHS = (
					"$(inherited)",
					"@executable_path/../Frameworks",
				);
				MARKETING_VERSION = 1.0;
				PRODUCT_BUNDLE_IDENTIFIER = dev.halz.Maple;
				PRODUCT_NAME = "$(TARGET_NAME)";
				SWIFT_EMIT_LOC_STRINGS = YES;
				SWIFT_VERSION = 5.0;
			};
			name = Debug;
		};
		26C35B8927FA89E900BD4B2B /* Release */ = {
			isa = XCBuildConfiguration;
			buildSettings = {
				ASSETCATALOG_COMPILER_APPICON_NAME = AppIcon;
				ASSETCATALOG_COMPILER_GLOBAL_ACCENT_COLOR_NAME = AccentColor;
				CODE_SIGN_ENTITLEMENTS = Maple/Maple.entitlements;
				CODE_SIGN_STYLE = Automatic;
				COMBINE_HIDPI_IMAGES = YES;
				CURRENT_PROJECT_VERSION = 1;
				DEVELOPMENT_TEAM = 5RD23JCCKU;
				ENABLE_HARDENED_RUNTIME = YES;
				GENERATE_INFOPLIST_FILE = YES;
				INFOPLIST_FILE = Maple/Info.plist;
				INFOPLIST_KEY_NSHumanReadableCopyright = "";
				INFOPLIST_KEY_NSMainStoryboardFile = Main;
				INFOPLIST_KEY_NSPrincipalClass = NSApplication;
				LD_RUNPATH_SEARCH_PATHS = (
					"$(inherited)",
					"@executable_path/../Frameworks",
				);
				MARKETING_VERSION = 1.0;
				PRODUCT_BUNDLE_IDENTIFIER = dev.halz.Maple;
				PRODUCT_NAME = "$(TARGET_NAME)";
				SWIFT_EMIT_LOC_STRINGS = YES;
				SWIFT_VERSION = 5.0;
			};
			name = Release;
		};
/* End XCBuildConfiguration section */

/* Begin XCConfigurationList section */
		26C35B7327FA89E800BD4B2B /* Build configuration list for PBXProject "Maple" */ = {
			isa = XCConfigurationList;
			buildConfigurations = (
				26C35B8527FA89E900BD4B2B /* Debug */,
				26C35B8627FA89E900BD4B2B /* Release */,
			);
			defaultConfigurationIsVisible = 0;
			defaultConfigurationName = Release;
		};
		26C35B8727FA89E900BD4B2B /* Build configuration list for PBXNativeTarget "Maple" */ = {
			isa = XCConfigurationList;
			buildConfigurations = (
				26C35B8827FA89E900BD4B2B /* Debug */,
				26C35B8927FA89E900BD4B2B /* Release */,
			);
			defaultConfigurationIsVisible = 0;
			defaultConfigurationName = Release;
		};
/* End XCConfigurationList section */

/* Begin XCRemoteSwiftPackageReference section */
		268047662807637900FD60D2 /* XCRemoteSwiftPackageReference "Zip" */ = {
			isa = XCRemoteSwiftPackageReference;
			repositoryURL = "https://github.com/marmelroy/Zip";
			requirement = {
				kind = upToNextMajorVersion;
				minimumVersion = 2.0.0;
			};
		};
/* End XCRemoteSwiftPackageReference section */

/* Begin XCSwiftPackageProductDependency section */
		268047672807637900FD60D2 /* Zip */ = {
			isa = XCSwiftPackageProductDependency;
			package = 268047662807637900FD60D2 /* XCRemoteSwiftPackageReference "Zip" */;
			productName = Zip;
		};
/* End XCSwiftPackageProductDependency section */
	};
	rootObject = 26C35B7027FA89E800BD4B2B /* Project object */;
}
