{
  "pins" : [
    {
      "identity" : "blessed",
      "kind" : "remoteSourceControl",
      "location" : "https://github.com/trilemma-dev/Blessed",
      "state" : {
        "branch" : "main",
        "revision" : "40ac7289f6d794fb2982fb382af016a6abffa3f7"
      }
    },
    {
      "identity" : "embeddedpropertylist",
      "kind" : "remoteSourceControl",
      "location" : "https://github.com/trilemma-dev/EmbeddedPropertyList",
      "state" : {
        "revision" : "bc65bbba59436df38a6ce441d09b50d08f23e14c",
        "version" : "2.0.1"
      }
    },
    {
      "identity" : "securexpc",
      "kind" : "remoteSourceControl",
      "location" : "https://github.com/trilemma-dev/SecureXPC",
      "state" : {
        "revision" : "457212c348f6a8d5af22194728f8b928f20b0ea9",
        "version" : "0.4.0"
      }
    },
    {
      "identity" : "zip",
      "kind" : "remoteSourceControl",
      "location" : "https://github.com/marmelroy/Zip",
      "state" : {
        "revision" : "67fa55813b9e7b3b9acee9c0ae501def28746d76",
        "version" : "2.1.2"
      }
    }
  ],
  "version" : 2
}
